{
  "version": 4,
  "terraform_version": "1.3.5",
  "serial": 116,
  "lineage": "601611a8-f155-0bce-b843-c4b33104e86c",
  "outputs": {
    "ca": {
      "value": "-----BEGIN CERTIFICATE-----\nMIIDQTCCAimgAwIBAgITBmyfz5m/jAo54vB4ikPmljZbyjANBgkqhkiG9w0BAQsF\nADA5MQswCQYDVQQGEwJVUzEPMA0GA1UEChMGQW1hem9uMRkwFwYDVQQDExBBbWF6\nb24gUm9vdCBDQSAxMB4XDTE1MDUyNjAwMDAwMFoXDTM4MDExNzAwMDAwMFowOTEL\nMAkGA1UEBhMCVVMxDzANBgNVBAoTBkFtYXpvbjEZMBcGA1UEAxMQQW1hem9uIFJv\nb3QgQ0EgMTCCASIwDQYJKoZIhvcNAQEBBQADggEPADCCAQoCggEBALJ4gHHKeNXj\nca9HgFB0fW7Y14h29Jlo91ghYPl0hAEvrAIthtOgQ3pOsqTQNroBvo3bSMgHFzZM\n9O6II8c+6zf1tRn4SWiw3te5djgdYZ6k/oI2peVKVuRF4fn9tBb6dNqcmzU5L/qw\nIFAGbHrQgLKm+a/sRxmPUDgH3KKHOVj4utWp+UhnMJbulHheb4mjUcAwhmahRWa6\nVOujw5H5SNz/0egwLX0tdHA114gk957EWW67c4cX8jJGKLhD+rcdqsq08p8kDi1L\n93FcXmn/6pUCyziKrlA4b9v7LWIbxcceVOF34GfID5yHI9Y/QCB/IIDEgEw+OyQm\njgSubJrIqg0CAwEAAaNCMEAwDwYDVR0TAQH/BAUwAwEB/zAOBgNVHQ8BAf8EBAMC\nAYYwHQYDVR0OBBYEFIQYzIU07LwMlJQuCFmcx7IQTgoIMA0GCSqGSIb3DQEBCwUA\nA4IBAQCY8jdaQZChGsV2USggNiMOruYou6r4lK5IpDB/G/wkjUu0yKGX9rbxenDI\nU5PMCCjjmCXPI6T53iHTfIUJrU6adTrCC2qJeHZERxhlbI1Bjjt/msv0tadQ1wUs\nN+gDS63pYaACbvXy8MWy7Vu33PqUXHeeE6V/Uq2V8viTO96LXFvKWlJbYK8U90vv\no/ufQJVtMVT8QtPHRh8jrdkPSHCa2XV4cdFyQzR1bldZwgJcJmApzyMZFo6IQ6XU\n5MsI+yMRQ+hDKXJioaldXgjUkK642M4UwtBV8ob2xJNDd2ZhwLnoQdeXeGADbkpy\nrqXRfboQnoZsG4q5WTP468SQvvG5\n-----END CERTIFICATE-----\n",
      "type": "string"
    },
    "cert": {
      "value": "-----BEGIN CERTIFICATE-----\nMIICuDCCAaCgAwIBAgIQFDb1T2zHtdWwWTE2my2b6TANBgkqhkiG9w0BAQsFADAP\nMQ0wCwYDVQQKEwR0ZXN0MB4XDTIzMTEyMTIyMjIwMloXDTIzMTIwMTIyMjIwMlow\nDzENMAsGA1UEChMEdGVzdDCCASIwDQYJKoZIhvcNAQEBBQADggEPADCCAQoCggEB\nAMbUyC3NkBlnK+HzeQuE6/PISgxswy6CUzEgF52yHIX2QpiaxlKr9QeuiKMFnIrd\nMCiyQKjFI9iUy2C/4NacWTtVKM4UdhwPCaZBPmhb+AlJAHGLX922RfYbsHkRvvi4\nAPMhM0lAF74oT5S8HaYsFGgfsfNSZHb+xKWSs63G9BcCiKX9OD/MNkuUZ4h4uTMA\n9zJ5U8xCpPxdiS1cTj1fVx6esPWxkWPQTjQ3zMMPjABt6qCiBy05fZnKrahVURpF\nBCygisO5Xth2N59kplFZcrp5moephqzYy+nOEo3MGXWvsaGS6FiyvkQNdaoRKp9O\nPO/Sg4EtmdiQxcrmyDQypPsCAwEAAaMQMA4wDAYDVR0TAQH/BAIwADANBgkqhkiG\n9w0BAQsFAAOCAQEAo7WAfgGiBdIaY4DPp0QF5UOy0L3wrQkyFzhju/+kqPuAdQWa\nUq7B/q1VuitpNW3LEc21p1FJ6hXG9KbQoCWIvdN0+KHzxvcICF5AmwN0cVTtBcPW\nopHiksKdGEViojuzPPpdVHvN8A1v3mWPVR+IBe64MoaYy0i73JARJaVr5HCwAzWf\n3uGJxDujj+B4oqN2+/nvEHhSzrasp/a16teyUKdI2k6bYMRLktVaeSBAUSRwXSw0\n0pYetikw4aXnDO14FWuL9Ff795Jo3e0gqeNEjJncGkeMvSTITS/Gq55GTm8GQZZb\ncOdN2TZD08UPwCny4jgr1FAESdenQwDBqlae2g==\n-----END CERTIFICATE-----\n",
      "type": "string"
    },
    "iot_endpoint": {
      "value": "a30opv7455ikaq-ats.iot.us-east-1.amazonaws.com",
      "type": "string"
    },
    "key": {
      "value": "-----BEGIN RSA PRIVATE KEY-----\nMIIEowIBAAKCAQEAxtTILc2QGWcr4fN5C4Tr88hKDGzDLoJTMSAXnbIchfZCmJrG\nUqv1B66IowWcit0wKLJAqMUj2JTLYL/g1pxZO1UozhR2HA8JpkE+aFv4CUkAcYtf\n3bZF9huweRG++LgA8yEzSUAXvihPlLwdpiwUaB+x81Jkdv7EpZKzrcb0FwKIpf04\nP8w2S5RniHi5MwD3MnlTzEKk/F2JLVxOPV9XHp6w9bGRY9BONDfMww+MAG3qoKIH\nLTl9mcqtqFVRGkUELKCKw7le2HY3n2SmUVlyunmah6mGrNjL6c4SjcwZda+xoZLo\nWLK+RA11qhEqn04879KDgS2Z2JDFyubINDKk+wIDAQABAoIBAAgc0nYb9w8ySHYV\nqxCvQblWqL7NCUGyi5ZrissiY0uL+rejSQhCf+LqWiTcq8B2uepPK5g3QvkpSQsP\niSr4giOLm/icmR0X9/rSmqtDZWFrmxsG5shzEXOzOYYXFUWsrE0/Q4pvlQhrOKQG\n8ObA0axV7rrQ18yLJJbk33PttDPkEhPIpZwLNHm/een9bZFQ+IUBTyoTqEsB6Fmf\nrElQIUQ7rpFzwB6GOrz5FWak/An5RB3N56q4F5OLLD32Xr35iL3ybnXGseNqH8c0\nxY79fAqe5r3bmKuCTeguolZGMyEOHtBsjEP+7OUjD1tlSH99uymhNEoC+i+aTUot\nV9rxt4ECgYEAzLRb+SJ44gVzrbB6O+sf+Lb1TXSDhGxrrTSwMxGDtX1GeWveoD7f\nky/iy6zn6JZJ1DuOpSXn9CPOO4hGdW0RLTU5pNts//e4xk+G2oEmq9oD0RmeEzOz\nIZHdszfSK8Rbuwn5AROAqhvwA4R29URN3fSLejIDF9/va4pckF9IBGECgYEA+Kem\n23tz1HhMagznXQq/T3piHiTtbamVP2QWMOenTbrpRvBsWm2quMusR8Qq0/UGl4l0\nIK0oV4VsenD+IeoQijw4VMAreCRUNaLpySfLF0kbFudoEt1izSUljWTcHaHj9rtG\nvOcRcWX3GpmS8U7qrAPb0apgrP9I/3KlNnbAptsCgYBr0RsYLzXoJeL1upvG72JZ\nh1PQRev3VXupMLUVUMZEUwVJcq1BTZxIU9JqYFmNQYsFQ5EwHrT6+9jltjMWKin/\n26bO09unPfyORtjKQXfyz9Nu0MVXa8WPitpwSJhkAPonm2sRTApajnhuAdj9+cnh\ne6ny5GCItKPPyoJScDzoQQKBgEpmF1XKfWDQUcTVcZB0O8OzEZKFaAkM2Zwq/TzK\nw1NNnqjcHP99mrxKLJUYi9v5j2xd80InrU9qm4eTMWbCWwqRdCVfjmIXNJ8LzLmk\nT277L8DNomUqmnpZKABDclznaIcVh9fTp3Nvl9z8oGvVOgAX83iratu4UoYkLmy6\nYXBLAoGBAIoKVXkineQX8cUAX573kuLFC1ma37FqMbUB912a3q9lggzLbcwAX/gI\nlQlsNPGoaebWSDyieatuHw1wPlh7mEyw1IL8CeMYuHyE9K7naHGnnhRdU6Zo3HZa\nHLc6z7s/l6K7vec3vCVgAM2EpoybCr6iFjiUoI/Oyo2Kb5+HZ50d\n-----END RSA PRIVATE KEY-----\n",
      "type": "string",
      "sensitive": true
    },
    "thing_name": {
      "value": "thing_soybean",
      "type": "string"
    }
  },
  "resources": [
    {
      "mode": "data",
      "type": "archive_file",
      "name": "code",
      "provider": "provider[\"registry.terraform.io/hashicorp/archive\"]",
      "instances": [
        {
          "index_key": 0,
          "schema_version": 0,
          "attributes": {
            "exclude_symlink_directories": null,
            "excludes": null,
            "id": "8f16ea2205aa5f37c0b02463b26033e23b11ce32",
            "output_base64sha256": "Ej8MtDCVp/LE/gDEEsF8O6qAMQ4AOl6cepj8hWCECeI=",
            "output_base64sha512": "hv96k49HvEfRG22QtyFnJHDpUjb/etK66OEgvbavhTDUsrM5+iEFX2Z0YTcd7boiiYiuKm6r7gvJtv8FV0nFTQ==",
            "output_file_mode": null,
            "output_md5": "63b4ed7eb42edf9fef64a44276c08bed",
            "output_path": "src/outputs/raw_to_staged_payload.zip",
            "output_sha": "8f16ea2205aa5f37c0b02463b26033e23b11ce32",
            "output_sha256": "123f0cb43095a7f2c4fe00c412c17c3baa80310e003a5e9c7a98fc85608409e2",
            "output_sha512": "86ff7a938f47bc47d11b6d90b721672470e95236ff7ad2bae8e120bdb6af8530d4b2b339fa21055f667461371dedba228988ae2a6eabee0bc9b6ff055749c54d",
            "output_size": 596,
            "source": [],
            "source_content": null,
            "source_content_filename": null,
            "source_dir": null,
            "source_file": "src/iot/raw_to_staged/raw_to_staged.py",
            "type": "zip"
          },
          "sensitive_attributes": []
        },
        {
          "index_key": 1,
          "schema_version": 0,
          "attributes": {
            "exclude_symlink_directories": null,
            "excludes": null,
            "id": "6b8dcffd2b65b3c628c9fac3356e1e874d07e7cc",
            "output_base64sha256": "ugIJpozF8TkTJ9ZXhp4VBOKLFpTu4IUTjwSxYxDVG+c=",
            "output_base64sha512": "jFu9gpPiFC2XgsX4SwXZx3X65dadkQmbtMeqUsaymAqM5UVfxbnlZ3e/2LWT2IWqwXfck8vVyCy/FHDYY8ExgA==",
            "output_file_mode": null,
            "output_md5": "9b8fc3aaf0db3223dcbb0d9ce9a51c17",
            "output_path": "src/outputs/staged_to_consumed_payload.zip",
            "output_sha": "6b8dcffd2b65b3c628c9fac3356e1e874d07e7cc",
            "output_sha256": "ba0209a68cc5f1391327d657869e1504e28b1694eee085138f04b16310d51be7",
            "output_sha512": "8c5bbd8293e2142d9782c5f84b05d9c775fae5d69d91099bb4c7aa52c6b2980a8ce5455fc5b9e56777bfd8b593d885aac177dc93cbd5c82cbf1470d863c13180",
            "output_size": 1495,
            "source": [],
            "source_content": null,
            "source_content_filename": null,
            "source_dir": null,
            "source_file": "src/iot/staged_to_consumed/staged_to_consumed.py",
            "type": "zip"
          },
          "sensitive_attributes": []
        }
      ]
    },
    {
      "mode": "data",
      "type": "archive_file",
      "name": "layer",
      "provider": "provider[\"registry.terraform.io/hashicorp/archive\"]",
      "instances": [
        {
          "index_key": 0,
          "schema_version": 0,
          "attributes": {
            "exclude_symlink_directories": null,
            "excludes": null,
            "id": "8810490a90f1c69c1c8813c67ffd452d676d87a7",
            "output_base64sha256": "1zBvxuPO192HvaI6HkfKfJIwHo76j+zRxgaq2cFDCSM=",
            "output_base64sha512": "sCO4++O0sadbB6SWjZilNUVm1iyG2vQAeAsikK0Xz3hYtlhOtYwz9iTae8cqIJfLawW1LH0CkZqJ5uHfsCiTXA==",
            "output_file_mode": null,
            "output_md5": "44d6cf3171698d7bd3eb5b290416b62f",
            "output_path": "src/outputs/raw_to_staged_layer.zip",
            "output_sha": "8810490a90f1c69c1c8813c67ffd452d676d87a7",
            "output_sha256": "d7306fc6e3ced7dd87bda23a1e47ca7c92301e8efa8fecd1c606aad9c1430923",
            "output_sha512": "b023b8fbe3b4b1a75b07a4968d98a5354566d62c86daf400780b2290ad17cf7858b6584eb58c33f624da7bc72a2097cb6b05b52c7d02919a89e6e1dfb028935c",
            "output_size": 6677604,
            "source": [],
            "source_content": null,
            "source_content_filename": null,
            "source_dir": "src/iot/layer",
            "source_file": null,
            "type": "zip"
          },
          "sensitive_attributes": []
        },
        {
          "index_key": 1,
          "schema_version": 0,
          "attributes": {
            "exclude_symlink_directories": null,
            "excludes": null,
            "id": "8810490a90f1c69c1c8813c67ffd452d676d87a7",
            "output_base64sha256": "1zBvxuPO192HvaI6HkfKfJIwHo76j+zRxgaq2cFDCSM=",
            "output_base64sha512": "sCO4++O0sadbB6SWjZilNUVm1iyG2vQAeAsikK0Xz3hYtlhOtYwz9iTae8cqIJfLawW1LH0CkZqJ5uHfsCiTXA==",
            "output_file_mode": null,
            "output_md5": "44d6cf3171698d7bd3eb5b290416b62f",
            "output_path": "src/outputs/staged_to_consumed_layer.zip",
            "output_sha": "8810490a90f1c69c1c8813c67ffd452d676d87a7",
            "output_sha256": "d7306fc6e3ced7dd87bda23a1e47ca7c92301e8efa8fecd1c606aad9c1430923",
            "output_sha512": "b023b8fbe3b4b1a75b07a4968d98a5354566d62c86daf400780b2290ad17cf7858b6584eb58c33f624da7bc72a2097cb6b05b52c7d02919a89e6e1dfb028935c",
            "output_size": 6677604,
            "source": [],
            "source_content": null,
            "source_content_filename": null,
            "source_dir": "src/iot/layer",
            "source_file": null,
            "type": "zip"
          },
          "sensitive_attributes": []
        }
      ]
    },
    {
      "mode": "data",
      "type": "aws_arn",
      "name": "thing",
      "provider": "provider[\"registry.terraform.io/hashicorp/aws\"]",
      "instances": [
        {
          "schema_version": 0,
          "attributes": {
            "account": "965421732820",
            "arn": "arn:aws:iot:us-east-1:965421732820:thing/thing_soybean",
            "id": "arn:aws:iot:us-east-1:965421732820:thing/thing_soybean",
            "partition": "aws",
            "region": "us-east-1",
            "resource": "thing/thing_soybean",
            "service": "iot"
          },
          "sensitive_attributes": []
        }
      ]
    },
    {
      "mode": "data",
      "type": "aws_iot_endpoint",
      "name": "iot_endpoint",
      "provider": "provider[\"registry.terraform.io/hashicorp/aws\"]",
      "instances": [
        {
          "schema_version": 0,
          "attributes": {
            "endpoint_address": "a30opv7455ikaq-ats.iot.us-east-1.amazonaws.com",
            "endpoint_type": "iot:Data-ATS",
            "id": "a30opv7455ikaq-ats.iot.us-east-1.amazonaws.com"
          },
          "sensitive_attributes": []
        }
      ]
    },
    {
      "mode": "data",
      "type": "http",
      "name": "root_ca",
      "provider": "provider[\"registry.terraform.io/hashicorp/http\"]",
      "instances": [
        {
          "schema_version": 0,
          "attributes": {
            "body": "-----BEGIN CERTIFICATE-----\nMIIDQTCCAimgAwIBAgITBmyfz5m/jAo54vB4ikPmljZbyjANBgkqhkiG9w0BAQsF\nADA5MQswCQYDVQQGEwJVUzEPMA0GA1UEChMGQW1hem9uMRkwFwYDVQQDExBBbWF6\nb24gUm9vdCBDQSAxMB4XDTE1MDUyNjAwMDAwMFoXDTM4MDExNzAwMDAwMFowOTEL\nMAkGA1UEBhMCVVMxDzANBgNVBAoTBkFtYXpvbjEZMBcGA1UEAxMQQW1hem9uIFJv\nb3QgQ0EgMTCCASIwDQYJKoZIhvcNAQEBBQADggEPADCCAQoCggEBALJ4gHHKeNXj\nca9HgFB0fW7Y14h29Jlo91ghYPl0hAEvrAIthtOgQ3pOsqTQNroBvo3bSMgHFzZM\n9O6II8c+6zf1tRn4SWiw3te5djgdYZ6k/oI2peVKVuRF4fn9tBb6dNqcmzU5L/qw\nIFAGbHrQgLKm+a/sRxmPUDgH3KKHOVj4utWp+UhnMJbulHheb4mjUcAwhmahRWa6\nVOujw5H5SNz/0egwLX0tdHA114gk957EWW67c4cX8jJGKLhD+rcdqsq08p8kDi1L\n93FcXmn/6pUCyziKrlA4b9v7LWIbxcceVOF34GfID5yHI9Y/QCB/IIDEgEw+OyQm\njgSubJrIqg0CAwEAAaNCMEAwDwYDVR0TAQH/BAUwAwEB/zAOBgNVHQ8BAf8EBAMC\nAYYwHQYDVR0OBBYEFIQYzIU07LwMlJQuCFmcx7IQTgoIMA0GCSqGSIb3DQEBCwUA\nA4IBAQCY8jdaQZChGsV2USggNiMOruYou6r4lK5IpDB/G/wkjUu0yKGX9rbxenDI\nU5PMCCjjmCXPI6T53iHTfIUJrU6adTrCC2qJeHZERxhlbI1Bjjt/msv0tadQ1wUs\nN+gDS63pYaACbvXy8MWy7Vu33PqUXHeeE6V/Uq2V8viTO96LXFvKWlJbYK8U90vv\no/ufQJVtMVT8QtPHRh8jrdkPSHCa2XV4cdFyQzR1bldZwgJcJmApzyMZFo6IQ6XU\n5MsI+yMRQ+hDKXJioaldXgjUkK642M4UwtBV8ob2xJNDd2ZhwLnoQdeXeGADbkpy\nrqXRfboQnoZsG4q5WTP468SQvvG5\n-----END CERTIFICATE-----\n",
            "ca_cert_pem": null,
            "id": "https://www.amazontrust.com/repository/AmazonRootCA1.pem",
            "insecure": null,
            "method": null,
            "request_body": null,
            "request_headers": null,
            "request_timeout_ms": null,
            "response_body": "-----BEGIN CERTIFICATE-----\nMIIDQTCCAimgAwIBAgITBmyfz5m/jAo54vB4ikPmljZbyjANBgkqhkiG9w0BAQsF\nADA5MQswCQYDVQQGEwJVUzEPMA0GA1UEChMGQW1hem9uMRkwFwYDVQQDExBBbWF6\nb24gUm9vdCBDQSAxMB4XDTE1MDUyNjAwMDAwMFoXDTM4MDExNzAwMDAwMFowOTEL\nMAkGA1UEBhMCVVMxDzANBgNVBAoTBkFtYXpvbjEZMBcGA1UEAxMQQW1hem9uIFJv\nb3QgQ0EgMTCCASIwDQYJKoZIhvcNAQEBBQADggEPADCCAQoCggEBALJ4gHHKeNXj\nca9HgFB0fW7Y14h29Jlo91ghYPl0hAEvrAIthtOgQ3pOsqTQNroBvo3bSMgHFzZM\n9O6II8c+6zf1tRn4SWiw3te5djgdYZ6k/oI2peVKVuRF4fn9tBb6dNqcmzU5L/qw\nIFAGbHrQgLKm+a/sRxmPUDgH3KKHOVj4utWp+UhnMJbulHheb4mjUcAwhmahRWa6\nVOujw5H5SNz/0egwLX0tdHA114gk957EWW67c4cX8jJGKLhD+rcdqsq08p8kDi1L\n93FcXmn/6pUCyziKrlA4b9v7LWIbxcceVOF34GfID5yHI9Y/QCB/IIDEgEw+OyQm\njgSubJrIqg0CAwEAAaNCMEAwDwYDVR0TAQH/BAUwAwEB/zAOBgNVHQ8BAf8EBAMC\nAYYwHQYDVR0OBBYEFIQYzIU07LwMlJQuCFmcx7IQTgoIMA0GCSqGSIb3DQEBCwUA\nA4IBAQCY8jdaQZChGsV2USggNiMOruYou6r4lK5IpDB/G/wkjUu0yKGX9rbxenDI\nU5PMCCjjmCXPI6T53iHTfIUJrU6adTrCC2qJeHZERxhlbI1Bjjt/msv0tadQ1wUs\nN+gDS63pYaACbvXy8MWy7Vu33PqUXHeeE6V/Uq2V8viTO96LXFvKWlJbYK8U90vv\no/ufQJVtMVT8QtPHRh8jrdkPSHCa2XV4cdFyQzR1bldZwgJcJmApzyMZFo6IQ6XU\n5MsI+yMRQ+hDKXJioaldXgjUkK642M4UwtBV8ob2xJNDd2ZhwLnoQdeXeGADbkpy\nrqXRfboQnoZsG4q5WTP468SQvvG5\n-----END CERTIFICATE-----\n",
            "response_body_base64": "LS0tLS1CRUdJTiBDRVJUSUZJQ0FURS0tLS0tCk1JSURRVENDQWltZ0F3SUJBZ0lUQm15Zno1bS9qQW81NHZCNGlrUG1salpieWpBTkJna3Foa2lHOXcwQkFRc0YKQURBNU1Rc3dDUVlEVlFRR0V3SlZVekVQTUEwR0ExVUVDaE1HUVcxaGVtOXVNUmt3RndZRFZRUURFeEJCYldGNgpiMjRnVW05dmRDQkRRU0F4TUI0WERURTFNRFV5TmpBd01EQXdNRm9YRFRNNE1ERXhOekF3TURBd01Gb3dPVEVMCk1Ba0dBMVVFQmhNQ1ZWTXhEekFOQmdOVkJBb1RCa0Z0WVhwdmJqRVpNQmNHQTFVRUF4TVFRVzFoZW05dUlGSnYKYjNRZ1EwRWdNVENDQVNJd0RRWUpLb1pJaHZjTkFRRUJCUUFEZ2dFUEFEQ0NBUW9DZ2dFQkFMSjRnSEhLZU5YagpjYTlIZ0ZCMGZXN1kxNGgyOUpsbzkxZ2hZUGwwaEFFdnJBSXRodE9nUTNwT3NxVFFOcm9Cdm8zYlNNZ0hGelpNCjlPNklJOGMrNnpmMXRSbjRTV2l3M3RlNWRqZ2RZWjZrL29JMnBlVktWdVJGNGZuOXRCYjZkTnFjbXpVNUwvcXcKSUZBR2JIclFnTEttK2Evc1J4bVBVRGdIM0tLSE9WajR1dFdwK1Vobk1KYnVsSGhlYjRtalVjQXdobWFoUldhNgpWT3VqdzVINVNOei8wZWd3TFgwdGRIQTExNGdrOTU3RVdXNjdjNGNYOGpKR0tMaEQrcmNkcXNxMDhwOGtEaTFMCjkzRmNYbW4vNnBVQ3l6aUtybEE0Yjl2N0xXSWJ4Y2NlVk9GMzRHZklENXlISTlZL1FDQi9JSURFZ0V3K095UW0KamdTdWJKcklxZzBDQXdFQUFhTkNNRUF3RHdZRFZSMFRBUUgvQkFVd0F3RUIvekFPQmdOVkhROEJBZjhFQkFNQwpBWVl3SFFZRFZSME9CQllFRklRWXpJVTA3THdNbEpRdUNGbWN4N0lRVGdvSU1BMEdDU3FHU0liM0RRRUJDd1VBCkE0SUJBUUNZOGpkYVFaQ2hHc1YyVVNnZ05pTU9ydVlvdTZyNGxLNUlwREIvRy93a2pVdTB5S0dYOXJieGVuREkKVTVQTUNDamptQ1hQSTZUNTNpSFRmSVVKclU2YWRUckNDMnFKZUhaRVJ4aGxiSTFCamp0L21zdjB0YWRRMXdVcwpOK2dEUzYzcFlhQUNidlh5OE1XeTdWdTMzUHFVWEhlZUU2Vi9VcTJWOHZpVE85NkxYRnZLV2xKYllLOFU5MHZ2Cm8vdWZRSlZ0TVZUOFF0UEhSaDhqcmRrUFNIQ2EyWFY0Y2RGeVF6UjFibGRad2dKY0ptQXB6eU1aRm82SVE2WFUKNU1zSSt5TVJRK2hES1hKaW9hbGRYZ2pVa0s2NDJNNFV3dEJWOG9iMnhKTkRkMlpod0xub1FkZVhlR0FEYmtweQpycVhSZmJvUW5vWnNHNHE1V1RQNDY4U1F2dkc1Ci0tLS0tRU5EIENFUlRJRklDQVRFLS0tLS0K",
            "response_headers": {
              "Age": "4735950",
              "Cache-Control": "max-age=31556952, public",
              "Connection": "keep-alive",
              "Content-Length": "1188",
              "Content-Type": "text/plain; charset=US-ASCII",
              "Date": "Thu, 28 Sep 2023 03:08:12 GMT",
              "Etag": "\"7095142f080d1d25221eec161ff14223\"",
              "Last-Modified": "Tue, 16 May 2023 23:46:54 GMT",
              "Server": "AmazonS3",
              "Via": "1.1 e15939e7a5d8908607a5a8daf797e030.cloudfront.net (CloudFront)",
              "X-Amz-Cf-Id": "FWUMV4OKuaqBeheXrrTW8iO-5bZ183fM1FRsmyScCOwIwS5WfWs2gQ==",
              "X-Amz-Cf-Pop": "GRU1-P1",
              "X-Amz-Version-Id": "EjSqvzLeybkUJ6ps3XoPDJxhfjWVbUP1",
              "X-Cache": "Hit from cloudfront"
            },
            "retry": null,
            "status_code": 200,
            "url": "https://www.amazontrust.com/repository/AmazonRootCA1.pem"
          },
          "sensitive_attributes": []
        }
      ]
    },
    {
      "mode": "managed",
      "type": "aws_db_instance",
      "name": "default",
      "provider": "provider[\"registry.terraform.io/hashicorp/aws\"]",
      "instances": [
        {
          "schema_version": 1,
          "attributes": {
            "address": "terraform-20231020122938937900000001.cerbmnica18k.us-east-1.rds.amazonaws.com",
            "allocated_storage": 10,
            "allow_major_version_upgrade": null,
            "apply_immediately": false,
            "arn": "arn:aws:rds:us-east-1:965421732820:db:terraform-20231020122938937900000001",
            "auto_minor_version_upgrade": true,
            "availability_zone": "us-east-1a",
            "backup_retention_period": 0,
            "backup_window": "05:55-06:25",
            "ca_cert_identifier": "rds-ca-ecc384-g1",
            "character_set_name": "",
            "copy_tags_to_snapshot": false,
            "customer_owned_ip_enabled": false,
            "db_subnet_group_name": "main",
            "delete_automated_backups": true,
            "deletion_protection": false,
            "domain": "",
            "domain_iam_role_name": "",
            "enabled_cloudwatch_logs_exports": [],
            "endpoint": "terraform-20231020122938937900000001.cerbmnica18k.us-east-1.rds.amazonaws.com:3306",
            "engine": "mysql",
            "engine_version": "8.0",
            "engine_version_actual": "8.0.33",
            "final_snapshot_identifier": null,
            "hosted_zone_id": "Z2R2ITUGPM61AM",
            "iam_database_authentication_enabled": false,
            "id": "terraform-20231020122938937900000001",
            "identifier": "terraform-20231020122938937900000001",
            "identifier_prefix": null,
            "instance_class": "db.t2.micro",
            "iops": 0,
            "kms_key_id": "",
            "latest_restorable_time": "0001-01-01T00:00:00Z",
            "license_model": "general-public-license",
            "maintenance_window": "wed:09:14-wed:09:44",
            "max_allocated_storage": 0,
            "monitoring_interval": 0,
            "monitoring_role_arn": "",
            "multi_az": false,
            "name": "",
            "nchar_character_set_name": "",
            "option_group_name": "default:mysql-8-0",
            "parameter_group_name": "default.mysql8.0",
            "password": "soybean123",
            "performance_insights_enabled": false,
            "performance_insights_kms_key_id": "",
            "performance_insights_retention_period": 0,
            "port": 3306,
            "publicly_accessible": true,
            "replica_mode": "",
            "replicas": [],
            "replicate_source_db": "",
            "resource_id": "db-VMS7TCTDCFM7NI63MYBTPM23LA",
            "restore_to_point_in_time": [],
            "s3_import": [],
            "security_group_names": [],
            "skip_final_snapshot": true,
            "snapshot_identifier": null,
            "status": "available",
            "storage_encrypted": false,
            "storage_type": "gp2",
            "tags": {
              "Name": "soybean-db-instance"
            },
            "tags_all": {
              "Name": "soybean-db-instance"
            },
            "timeouts": null,
            "timezone": "",
            "username": "soybean",
            "vpc_security_group_ids": [
              "sg-0f38559c8c3c883c6"
            ]
          },
          "sensitive_attributes": [],
          "private": "eyJlMmJmYjczMC1lY2FhLTExZTYtOGY4OC0zNDM2M2JjN2M0YzAiOnsiY3JlYXRlIjoyNDAwMDAwMDAwMDAwLCJkZWxldGUiOjM2MDAwMDAwMDAwMDAsInVwZGF0ZSI6NDgwMDAwMDAwMDAwMH0sInNjaGVtYV92ZXJzaW9uIjoiMSJ9",
          "dependencies": [
            "aws_db_subnet_group.default",
            "aws_subnet.public_subnets",
            "aws_vpc.main"
          ]
        }
      ]
    },
    {
      "mode": "managed",
      "type": "aws_db_subnet_group",
      "name": "default",
      "provider": "provider[\"registry.terraform.io/hashicorp/aws\"]",
      "instances": [
        {
          "schema_version": 0,
          "attributes": {
            "arn": "arn:aws:rds:us-east-1:965421732820:subgrp:main",
            "description": "Managed by Terraform",
            "id": "main",
            "name": "main",
            "name_prefix": null,
            "subnet_ids": [
              "subnet-036ad41a49b74adaa",
              "subnet-0c6f588b3bad97b46"
            ],
            "tags": {
              "Name": "My DB subnet group"
            },
            "tags_all": {
              "Name": "My DB subnet group"
            }
          },
          "sensitive_attributes": [],
          "private": "bnVsbA==",
          "dependencies": [
            "aws_subnet.public_subnets",
            "aws_vpc.main"
          ]
        }
      ]
    },
    {
      "mode": "managed",
      "type": "aws_internet_gateway",
      "name": "gw",
      "provider": "provider[\"registry.terraform.io/hashicorp/aws\"]",
      "instances": [
        {
          "schema_version": 0,
          "attributes": {
            "arn": "arn:aws:ec2:us-east-1:965421732820:internet-gateway/igw-08a7f14386e1db920",
            "id": "igw-08a7f14386e1db920",
            "owner_id": "965421732820",
            "tags": {
              "Name": "Project VPC IG"
            },
            "tags_all": {
              "Name": "Project VPC IG"
            },
            "vpc_id": "vpc-0f0b16fbed70cec36"
          },
          "sensitive_attributes": [],
          "private": "bnVsbA==",
          "dependencies": [
            "aws_vpc.main"
          ]
        }
      ]
    },
    {
      "mode": "managed",
      "type": "aws_iot_certificate",
      "name": "cert",
      "provider": "provider[\"registry.terraform.io/hashicorp/aws\"]",
      "instances": [
        {
          "schema_version": 0,
          "attributes": {
            "active": true,
            "arn": "arn:aws:iot:us-east-1:965421732820:cert/1f74affeb32a262e5271997ce133926ae86a2474d8b5c962175384d0318737d5",
            "certificate_pem": "-----BEGIN CERTIFICATE-----\nMIIDWTCCAkGgAwIBAgIUTYGkTgjymZMF8UNcG9o2jOi3neMwDQYJKoZIhvcNAQEL\nBQAwTTFLMEkGA1UECwxCQW1hem9uIFdlYiBTZXJ2aWNlcyBPPUFtYXpvbi5jb20g\nSW5jLiBMPVNlYXR0bGUgU1Q9V2FzaGluZ3RvbiBDPVVTMB4XDTIzMTAyMzE4MjEy\nOFoXDTQ5MTIzMTIzNTk1OVowHjEcMBoGA1UEAwwTQVdTIElvVCBDZXJ0aWZpY2F0\nZTCCASIwDQYJKoZIhvcNAQEBBQADggEPADCCAQoCggEBANpDiya360cmSF2hr8nH\nSDuvfBUwNv8bNZW1Gc6Bgxj/Tu0Dan90FhgCxCE6QEXjfMzuvCFUPzd5IoRo9mR9\nQyBi314oM3JY1bCC7SL34YUgLRztFg9/5QZTLZkXLU0Rcv+t3ZI24QdPIKFUjJ4n\nARYg6TJVVN469+HAWbiztXPFEQwqSlMDlxaliSUfkJwbCE6WeSwza2L57rlme8Jg\n0SoXYNxKS5cuLHw1ShO0lovkQ07klCFMtToYMG9I6ZQvfAJEv8n7nrBuBdPHWKtP\n8YJCAZqNcNNWJjbMEP2kOQ6UO/fJHSdF/TJYwEzTCzGN+bfAw7dZ7ptzSfl4WmNh\n5aECAwEAAaNgMF4wHwYDVR0jBBgwFoAUp0/Cp4ymdM4B6EjWE9geXU7+wtEwHQYD\nVR0OBBYEFAkqfthBaepFdtaP0rnLlc50FBMhMAwGA1UdEwEB/wQCMAAwDgYDVR0P\nAQH/BAQDAgeAMA0GCSqGSIb3DQEBCwUAA4IBAQCgnFc7xt1RGP8vyrru3sR9Fcpq\nkzg4RWZIuVuZECwLbpfBcwGWrNij6eoLWlLpdV8i/x6vXv6PGSgOQr9NahZZRDa6\nRImLafU02arCkFYSbyHcy5kp+qPbAjxO7XGg0V+5GHI7qh9N8VDxxjaUM7mm1STl\nH08GtsdBxFQzwxM5oXm2dimEALtf/1G4Wd2VE8tk6OASpedL8vpoztoZWDcZDyhw\nEMGUwVGxr4W/UrVlTRyknxN2+cVUhJmyL/5hi5PQYKSD3S17x3yQSksTWKEVXMe6\n88wwFyzMK0mXdq6H0njnlXQX/iaCZku2sn9bnys4wHyv1vR0/9jTW19vfcja\n-----END CERTIFICATE-----\n",
            "csr": null,
            "id": "1f74affeb32a262e5271997ce133926ae86a2474d8b5c962175384d0318737d5",
            "private_key": "-----BEGIN RSA PRIVATE KEY-----\nMIIEpQIBAAKCAQEA2kOLJrfrRyZIXaGvycdIO698FTA2/xs1lbUZzoGDGP9O7QNq\nf3QWGALEITpAReN8zO68IVQ/N3kihGj2ZH1DIGLfXigzcljVsILtIvfhhSAtHO0W\nD3/lBlMtmRctTRFy/63dkjbhB08goVSMnicBFiDpMlVU3jr34cBZuLO1c8URDCpK\nUwOXFqWJJR+QnBsITpZ5LDNrYvnuuWZ7wmDRKhdg3EpLly4sfDVKE7SWi+RDTuSU\nIUy1Ohgwb0jplC98AkS/yfuesG4F08dYq0/xgkIBmo1w01YmNswQ/aQ5DpQ798kd\nJ0X9MljATNMLMY35t8DDt1num3NJ+XhaY2HloQIDAQABAoIBAQCaUEzOiBQZTrC1\nOj5tu66PPEfPNzJ69MLS4KKpRRnqD3++xL6D9BA206XVFDki8G5o+ZUbP1QepU9J\nLGifrYxLFnx0NpoBC1uxmy+LnJPeqlwa6mjBdpv299HyPdeyeFbE/Cj+WjyJDWG1\njnCI1GzJN2WIR5pkMG7XNkZ49t2gRfIZ7MzZ2NCE7i4bFoHkSpz6NxZJ0lv5+HJU\n2kKDxwuovJ1f92tZZp724DyZq/TAxdJ6vRm1WkDBXKRRD8k6pTh4QoSMeKQUc3Or\n9TaBCW64PwMYIMOjoxCApFK23SMmIELyRH690Ky/ewsJ1bYk9cuBT9qHkzfgMY8k\noA7euJvRAoGBAPu0/OK69+iDZIgoXDmuQY40vqukpK+tVu4NLC37oBd8DDcO5q8+\n8Ld/vH4KccHuoGRmqDm9gaqrGzT909FU2qy4DhGtsGkoAQdcM38AxLllgjE8x9RP\nghvAQjbf45OyMCtwCNZVgYNirOyY1oCdbj/7o3dT/67tqHiy++ZOLr69AoGBAN38\niPoYpZ3vdNsI51AVssuKRT0oIGJHxSgJXsFvpf437GvzHs5vZqTJHbWk2NNtjcFB\nzEr+pcN7VtTKxKW2TyxxpqaDhBXznOwr74d8ehUAuPdzAVUKpR3OwFT2kI0Ib7/f\nqYIVi6/cerDAsgEAu/3UYjqbOPgjnwIPVa0oNtK1AoGBAPtF4m41V+a1xFZodCjg\n3HCqFu4inoUB9hYO8Fu3JkpLe6Y7Ke8oVgXZbsIkiwuevF9+W9HIbPmDdtWfzyTa\nILLryp+7VLClTuGaGY5fpgOuYhnlI1e/R5OMio1dVELNT2kNnsTY90HB7/8BVKFw\nh+83tigZotVuSxCzHOT8h43BAoGBAJinbVrvUBUH8ogd21QLV+T4tRyVV4++Yyph\nJzRGnxPvSToC+pBjs2Zml3OuZR0gHXdk1CROcZe4XcH/nrOGZ3PcxAmGL3MZEDSp\nEhNN2nZPBOPFxojAxUN2RnUnCciyoIaGPH8kaecJ66VZHg/qfVzUjKhYzhh2BobY\nHMby/KBxAoGATK69hDkUUmJD6LT9eelWLpleYowX6dLgi0ioQ64E/OldZ7WycQ+H\nOJh/J6k7TdBbM7cq4DwF/wWxTH6EurdkEqEshzCLI2JVqs4BsNmGRWFnpi/4tYbT\nZiV7ecfGBTdRtNqhX0dN1ZkMCfmzKeCarm1qm1+q8kVjx+0fB/QjkLY=\n-----END RSA PRIVATE KEY-----\n",
            "public_key": "-----BEGIN PUBLIC KEY-----\nMIIBIjANBgkqhkiG9w0BAQEFAAOCAQ8AMIIBCgKCAQEA2kOLJrfrRyZIXaGvycdI\nO698FTA2/xs1lbUZzoGDGP9O7QNqf3QWGALEITpAReN8zO68IVQ/N3kihGj2ZH1D\nIGLfXigzcljVsILtIvfhhSAtHO0WD3/lBlMtmRctTRFy/63dkjbhB08goVSMnicB\nFiDpMlVU3jr34cBZuLO1c8URDCpKUwOXFqWJJR+QnBsITpZ5LDNrYvnuuWZ7wmDR\nKhdg3EpLly4sfDVKE7SWi+RDTuSUIUy1Ohgwb0jplC98AkS/yfuesG4F08dYq0/x\ngkIBmo1w01YmNswQ/aQ5DpQ798kdJ0X9MljATNMLMY35t8DDt1num3NJ+XhaY2Hl\noQIDAQAB\n-----END PUBLIC KEY-----\n"
          },
          "sensitive_attributes": [],
          "private": "bnVsbA=="
        }
      ]
    },
    {
      "mode": "managed",
      "type": "aws_iot_policy",
      "name": "policy",
      "provider": "provider[\"registry.terraform.io/hashicorp/aws\"]",
      "instances": [
        {
          "schema_version": 0,
          "attributes": {
            "arn": "arn:aws:iot:us-east-1:965421732820:policy/thingpolicy",
            "default_version_id": "2",
            "id": "thingpolicy",
            "name": "thingpolicy",
            "policy": "{\"Statement\":[{\"Action\":[\"*\"],\"Effect\":\"Allow\",\"Resource\":\"*\"}],\"Version\":\"2012-10-17\"}"
          },
          "sensitive_attributes": [],
          "private": "bnVsbA=="
        }
      ]
    },
    {
      "mode": "managed",
      "type": "aws_iot_policy_attachment",
      "name": "attachment",
      "provider": "provider[\"registry.terraform.io/hashicorp/aws\"]",
      "instances": [
        {
          "schema_version": 0,
          "attributes": {
            "id": "thingpolicy|arn:aws:iot:us-east-1:965421732820:cert/1f74affeb32a262e5271997ce133926ae86a2474d8b5c962175384d0318737d5",
            "policy": "thingpolicy",
            "target": "arn:aws:iot:us-east-1:965421732820:cert/1f74affeb32a262e5271997ce133926ae86a2474d8b5c962175384d0318737d5"
          },
          "sensitive_attributes": [],
          "private": "bnVsbA==",
          "dependencies": [
            "aws_iot_certificate.cert",
            "aws_iot_policy.policy"
          ]
        }
      ]
    },
    {
      "mode": "managed",
      "type": "aws_iot_thing",
      "name": "thing",
      "provider": "provider[\"registry.terraform.io/hashicorp/aws\"]",
      "instances": [
        {
          "schema_version": 0,
          "attributes": {
            "arn": "arn:aws:iot:us-east-1:965421732820:thing/thing_soybean",
            "attributes": {},
            "default_client_id": "thing_soybean",
            "id": "thing_soybean",
            "name": "thing_soybean",
            "thing_type_name": "",
            "version": 1
          },
          "sensitive_attributes": [],
          "private": "bnVsbA=="
        }
      ]
    },
    {
      "mode": "managed",
      "type": "aws_iot_thing_principal_attachment",
      "name": "attachment",
      "provider": "provider[\"registry.terraform.io/hashicorp/aws\"]",
      "instances": [
        {
          "schema_version": 0,
          "attributes": {
            "id": "thing_soybean|arn:aws:iot:us-east-1:965421732820:cert/1f74affeb32a262e5271997ce133926ae86a2474d8b5c962175384d0318737d5",
            "principal": "arn:aws:iot:us-east-1:965421732820:cert/1f74affeb32a262e5271997ce133926ae86a2474d8b5c962175384d0318737d5",
            "thing": "thing_soybean"
          },
          "sensitive_attributes": [],
          "private": "bnVsbA==",
          "dependencies": [
            "aws_iot_certificate.cert",
            "aws_iot_thing.thing"
          ]
        }
      ]
    },
    {
      "mode": "managed",
      "type": "aws_lambda_function",
      "name": "lambda",
      "provider": "provider[\"registry.terraform.io/hashicorp/aws\"]",
      "instances": [
        {
          "index_key": 0,
          "schema_version": 0,
          "attributes": {
            "architectures": [
              "x86_64"
            ],
            "arn": "arn:aws:lambda:us-east-1:965421732820:function:raw_to_staged",
            "code_signing_config_arn": "",
            "dead_letter_config": [],
            "description": "",
            "environment": [
              {
                "variables": {
                  "HOST_BD": "terraform-20231020122938937900000001.cerbmnica18k.us-east-1.rds.amazonaws.com",
                  "PASS_BD": "soybean123",
                  "USER_BD": "soybean"
                }
              }
            ],
            "file_system_config": [],
            "filename": "src/outputs/raw_to_staged_payload.zip",
            "function_name": "raw_to_staged",
            "handler": "raw_to_staged.main",
            "id": "raw_to_staged",
            "image_config": [],
            "image_uri": "",
            "invoke_arn": "arn:aws:apigateway:us-east-1:lambda:path/2015-03-31/functions/arn:aws:lambda:us-east-1:965421732820:function:raw_to_staged/invocations",
            "kms_key_arn": "",
            "last_modified": "2023-11-21T22:41:01.000+0000",
            "layers": [
              "arn:aws:lambda:us-east-1:336392948345:layer:AWSSDKPandas-Python39:2",
              "arn:aws:lambda:us-east-1:965421732820:layer:lambda_layer_name:2"
            ],
            "memory_size": 512,
            "package_type": "Zip",
            "publish": false,
            "qualified_arn": "arn:aws:lambda:us-east-1:965421732820:function:raw_to_staged:$LATEST",
            "reserved_concurrent_executions": -1,
            "role": "arn:aws:iam::965421732820:role/LabRole",
            "runtime": "python3.9",
            "s3_bucket": null,
            "s3_key": null,
            "s3_object_version": null,
            "signing_job_arn": "",
            "signing_profile_version_arn": "",
            "source_code_hash": "Ej8MtDCVp/LE/gDEEsF8O6qAMQ4AOl6cepj8hWCECeI=",
            "source_code_size": 596,
            "tags": {},
            "tags_all": {},
            "timeout": 180,
            "timeouts": null,
            "tracing_config": [
              {
                "mode": "PassThrough"
              }
            ],
            "version": "$LATEST",
            "vpc_config": []
          },
          "sensitive_attributes": [],
          "private": "eyJlMmJmYjczMC1lY2FhLTExZTYtOGY4OC0zNDM2M2JjN2M0YzAiOnsiY3JlYXRlIjo2MDAwMDAwMDAwMDB9fQ==",
          "dependencies": [
            "aws_lambda_layer_version.this",
            "data.archive_file.code"
          ]
        },
        {
          "index_key": 1,
          "schema_version": 0,
          "attributes": {
            "architectures": [
              "x86_64"
            ],
            "arn": "arn:aws:lambda:us-east-1:965421732820:function:staged_to_consumed",
            "code_signing_config_arn": "",
            "dead_letter_config": [],
            "description": "",
            "environment": [
              {
                "variables": {
                  "HOST_BD": "terraform-20231020122938937900000001.cerbmnica18k.us-east-1.rds.amazonaws.com",
                  "PASS_BD": "soybean123",
                  "USER_BD": "soybean"
                }
              }
            ],
            "file_system_config": [],
            "filename": "src/outputs/staged_to_consumed_payload.zip",
            "function_name": "staged_to_consumed",
            "handler": "staged_to_consumed.main",
            "id": "staged_to_consumed",
            "image_config": [],
            "image_uri": "",
            "invoke_arn": "arn:aws:apigateway:us-east-1:lambda:path/2015-03-31/functions/arn:aws:lambda:us-east-1:965421732820:function:staged_to_consumed/invocations",
            "kms_key_arn": "",
            "last_modified": "2023-11-21T22:41:01.000+0000",
            "layers": [
              "arn:aws:lambda:us-east-1:336392948345:layer:AWSSDKPandas-Python39:2",
              "arn:aws:lambda:us-east-1:965421732820:layer:lambda_layer_name:1"
            ],
            "memory_size": 512,
            "package_type": "Zip",
            "publish": false,
            "qualified_arn": "arn:aws:lambda:us-east-1:965421732820:function:staged_to_consumed:1",
            "reserved_concurrent_executions": -1,
            "role": "arn:aws:iam::965421732820:role/LabRole",
            "runtime": "python3.9",
            "s3_bucket": null,
            "s3_key": null,
            "s3_object_version": null,
            "signing_job_arn": "",
            "signing_profile_version_arn": "",
            "source_code_hash": "ugIJpozF8TkTJ9ZXhp4VBOKLFpTu4IUTjwSxYxDVG+c=",
            "source_code_size": 1495,
            "tags": {},
            "tags_all": {},
            "timeout": 180,
            "timeouts": null,
            "tracing_config": [
              {
                "mode": "PassThrough"
              }
            ],
            "version": "1",
            "vpc_config": []
          },
          "sensitive_attributes": [],
          "private": "eyJlMmJmYjczMC1lY2FhLTExZTYtOGY4OC0zNDM2M2JjN2M0YzAiOnsiY3JlYXRlIjo2MDAwMDAwMDAwMDB9fQ==",
          "dependencies": [
            "aws_lambda_layer_version.this",
            "data.archive_file.code"
          ]
        }
      ]
    },
    {
      "mode": "managed",
      "type": "aws_lambda_layer_version",
      "name": "this",
      "provider": "provider[\"registry.terraform.io/hashicorp/aws\"]",
      "instances": [
        {
          "index_key": 0,
          "schema_version": 0,
          "attributes": {
            "arn": "arn:aws:lambda:us-east-1:965421732820:layer:lambda_layer_name:2",
            "compatible_architectures": [
              "x86_64"
            ],
            "compatible_runtimes": [
              "python3.9"
            ],
            "created_date": "2023-11-21T22:22:35.907+0000",
            "description": "",
            "filename": "src/outputs/raw_to_staged_layer.zip",
            "id": "arn:aws:lambda:us-east-1:965421732820:layer:lambda_layer_name:2",
            "layer_arn": "arn:aws:lambda:us-east-1:965421732820:layer:lambda_layer_name",
            "layer_name": "lambda_layer_name",
            "license_info": "",
            "s3_bucket": null,
            "s3_key": null,
            "s3_object_version": null,
            "signing_job_arn": "",
            "signing_profile_version_arn": "",
            "skip_destroy": false,
            "source_code_hash": "1zBvxuPO192HvaI6HkfKfJIwHo76j+zRxgaq2cFDCSM=",
            "source_code_size": 6677604,
            "version": "2"
          },
          "sensitive_attributes": [],
          "private": "bnVsbA==",
          "dependencies": [
            "data.archive_file.layer"
          ]
        },
        {
          "index_key": 1,
          "schema_version": 0,
          "attributes": {
            "arn": "arn:aws:lambda:us-east-1:965421732820:layer:lambda_layer_name:1",
            "compatible_architectures": [
              "x86_64"
            ],
            "compatible_runtimes": [
              "python3.9"
            ],
            "created_date": "2023-11-21T22:22:17.981+0000",
            "description": "",
            "filename": "src/outputs/staged_to_consumed_layer.zip",
            "id": "arn:aws:lambda:us-east-1:965421732820:layer:lambda_layer_name:1",
            "layer_arn": "arn:aws:lambda:us-east-1:965421732820:layer:lambda_layer_name",
            "layer_name": "lambda_layer_name",
            "license_info": "",
            "s3_bucket": null,
            "s3_key": null,
            "s3_object_version": null,
            "signing_job_arn": "",
            "signing_profile_version_arn": "",
            "skip_destroy": false,
            "source_code_hash": "1zBvxuPO192HvaI6HkfKfJIwHo76j+zRxgaq2cFDCSM=",
            "source_code_size": 6677604,
            "version": "1"
          },
          "sensitive_attributes": [],
          "private": "bnVsbA==",
          "dependencies": [
            "data.archive_file.layer"
          ]
        }
      ]
    },
    {
      "mode": "managed",
      "type": "aws_lambda_permission",
      "name": "allow_bucket",
      "provider": "provider[\"registry.terraform.io/hashicorp/aws\"]",
      "instances": [
        {
          "index_key": 0,
          "schema_version": 0,
          "attributes": {
            "action": "lambda:InvokeFunction",
            "event_source_token": null,
            "function_name": "arn:aws:lambda:us-east-1:965421732820:function:raw_to_staged",
            "id": "AllowExecutionFromS3Bucket",
            "principal": "s3.amazonaws.com",
            "qualifier": "",
            "source_account": null,
            "source_arn": "arn:aws:s3:::raw-soybean-bucket",
            "statement_id": "AllowExecutionFromS3Bucket",
            "statement_id_prefix": null
          },
          "sensitive_attributes": [],
          "private": "bnVsbA==",
          "dependencies": [
            "aws_lambda_function.lambda",
            "aws_lambda_layer_version.this",
            "aws_s3_bucket.bucket",
            "data.archive_file.code",
            "data.archive_file.layer"
          ]
        },
        {
          "index_key": 1,
          "schema_version": 0,
          "attributes": {
            "action": "lambda:InvokeFunction",
            "event_source_token": null,
            "function_name": "arn:aws:lambda:us-east-1:965421732820:function:staged_to_consumed",
            "id": "AllowExecutionFromS3Bucket",
            "principal": "s3.amazonaws.com",
            "qualifier": "",
            "source_account": null,
            "source_arn": "arn:aws:s3:::staged-soybean-bucket",
            "statement_id": "AllowExecutionFromS3Bucket",
            "statement_id_prefix": null
          },
          "sensitive_attributes": [],
          "private": "bnVsbA==",
          "dependencies": [
            "aws_lambda_function.lambda",
            "aws_lambda_layer_version.this",
            "aws_s3_bucket.bucket",
            "data.archive_file.code",
            "data.archive_file.layer"
          ]
        }
      ]
    },
    {
      "mode": "managed",
      "type": "aws_route_table",
      "name": "second_rt",
      "provider": "provider[\"registry.terraform.io/hashicorp/aws\"]",
      "instances": [
        {
          "schema_version": 0,
          "attributes": {
            "arn": "arn:aws:ec2:us-east-1:965421732820:route-table/rtb-0ab7c20167a840e44",
            "id": "rtb-0ab7c20167a840e44",
            "owner_id": "965421732820",
            "propagating_vgws": [],
            "route": [
              {
                "carrier_gateway_id": "",
                "cidr_block": "0.0.0.0/0",
                "destination_prefix_list_id": "",
                "egress_only_gateway_id": "",
                "gateway_id": "igw-08a7f14386e1db920",
                "instance_id": "",
                "ipv6_cidr_block": "",
                "local_gateway_id": "",
                "nat_gateway_id": "",
                "network_interface_id": "",
                "transit_gateway_id": "",
                "vpc_endpoint_id": "",
                "vpc_peering_connection_id": ""
              }
            ],
            "tags": {
              "Name": "2nd Route Table"
            },
            "tags_all": {
              "Name": "2nd Route Table"
            },
            "timeouts": null,
            "vpc_id": "vpc-0f0b16fbed70cec36"
          },
          "sensitive_attributes": [],
          "private": "eyJlMmJmYjczMC1lY2FhLTExZTYtOGY4OC0zNDM2M2JjN2M0YzAiOnsiY3JlYXRlIjozMDAwMDAwMDAwMDAsImRlbGV0ZSI6MzAwMDAwMDAwMDAwLCJ1cGRhdGUiOjEyMDAwMDAwMDAwMH19",
          "dependencies": [
            "aws_internet_gateway.gw",
            "aws_vpc.main"
          ]
        }
      ]
    },
    {
      "mode": "managed",
      "type": "aws_route_table_association",
      "name": "public_subnet_asso",
      "provider": "provider[\"registry.terraform.io/hashicorp/aws\"]",
      "instances": [
        {
          "index_key": 0,
          "schema_version": 0,
          "attributes": {
            "gateway_id": "",
            "id": "rtbassoc-00b295c940bd86132",
            "route_table_id": "rtb-0ab7c20167a840e44",
            "subnet_id": "subnet-036ad41a49b74adaa"
          },
          "sensitive_attributes": [],
          "private": "bnVsbA==",
          "dependencies": [
            "aws_internet_gateway.gw",
            "aws_route_table.second_rt",
            "aws_subnet.public_subnets",
            "aws_vpc.main"
          ]
        },
        {
          "index_key": 1,
          "schema_version": 0,
          "attributes": {
            "gateway_id": "",
            "id": "rtbassoc-021620534754adc5d",
            "route_table_id": "rtb-0ab7c20167a840e44",
            "subnet_id": "subnet-0c6f588b3bad97b46"
          },
          "sensitive_attributes": [],
          "private": "bnVsbA==",
          "dependencies": [
            "aws_internet_gateway.gw",
            "aws_route_table.second_rt",
            "aws_subnet.public_subnets",
            "aws_vpc.main"
          ]
        }
      ]
    },
    {
      "mode": "managed",
      "type": "aws_s3_bucket",
      "name": "bucket",
      "provider": "provider[\"registry.terraform.io/hashicorp/aws\"]",
      "instances": [
        {
          "index_key": 0,
          "schema_version": 0,
          "attributes": {
            "acceleration_status": "",
            "acl": "private",
            "arn": "arn:aws:s3:::raw-soybean-bucket",
            "bucket": "raw-soybean-bucket",
            "bucket_domain_name": "raw-soybean-bucket.s3.amazonaws.com",
            "bucket_prefix": null,
            "bucket_regional_domain_name": "raw-soybean-bucket.s3.amazonaws.com",
            "cors_rule": [],
            "force_destroy": false,
            "grant": [],
            "hosted_zone_id": "Z3AQBSTGFYJSTF",
            "id": "raw-soybean-bucket",
            "lifecycle_rule": [],
            "logging": [],
            "object_lock_configuration": [],
            "object_lock_enabled": false,
            "policy": null,
            "region": "us-east-1",
            "replication_configuration": [],
            "request_payer": "BucketOwner",
            "server_side_encryption_configuration": [
              {
                "rule": [
                  {
                    "apply_server_side_encryption_by_default": [
                      {
                        "kms_master_key_id": "",
                        "sse_algorithm": "AES256"
                      }
                    ],
                    "bucket_key_enabled": false
                  }
                ]
              }
            ],
            "tags": {
              "Environment": "dev"
            },
            "tags_all": {
              "Environment": "dev"
            },
            "versioning": [
              {
                "enabled": false,
                "mfa_delete": false
              }
            ],
            "website": [],
            "website_domain": null,
            "website_endpoint": null
          },
          "sensitive_attributes": [],
          "private": "bnVsbA=="
        },
        {
          "index_key": 1,
          "schema_version": 0,
          "attributes": {
            "acceleration_status": "",
            "acl": "private",
            "arn": "arn:aws:s3:::staged-soybean-bucket",
            "bucket": "staged-soybean-bucket",
            "bucket_domain_name": "staged-soybean-bucket.s3.amazonaws.com",
            "bucket_prefix": null,
            "bucket_regional_domain_name": "staged-soybean-bucket.s3.amazonaws.com",
            "cors_rule": [],
            "force_destroy": false,
            "grant": [],
            "hosted_zone_id": "Z3AQBSTGFYJSTF",
            "id": "staged-soybean-bucket",
            "lifecycle_rule": [],
            "logging": [],
            "object_lock_configuration": [],
            "object_lock_enabled": false,
            "policy": null,
            "region": "us-east-1",
            "replication_configuration": [],
            "request_payer": "BucketOwner",
            "server_side_encryption_configuration": [
              {
                "rule": [
                  {
                    "apply_server_side_encryption_by_default": [
                      {
                        "kms_master_key_id": "",
                        "sse_algorithm": "AES256"
                      }
                    ],
                    "bucket_key_enabled": false
                  }
                ]
              }
            ],
            "tags": {
              "Environment": "dev"
            },
            "tags_all": {
              "Environment": "dev"
            },
            "versioning": [
              {
                "enabled": false,
                "mfa_delete": false
              }
            ],
            "website": [],
            "website_domain": null,
            "website_endpoint": null
          },
          "sensitive_attributes": [],
          "private": "bnVsbA=="
        },
        {
          "index_key": 2,
          "schema_version": 0,
          "attributes": {
            "acceleration_status": "",
            "acl": "private",
            "arn": "arn:aws:s3:::consumed-soybean-bucket",
            "bucket": "consumed-soybean-bucket",
            "bucket_domain_name": "consumed-soybean-bucket.s3.amazonaws.com",
            "bucket_prefix": null,
            "bucket_regional_domain_name": "consumed-soybean-bucket.s3.amazonaws.com",
            "cors_rule": [],
            "force_destroy": false,
            "grant": [],
            "hosted_zone_id": "Z3AQBSTGFYJSTF",
            "id": "consumed-soybean-bucket",
            "lifecycle_rule": [],
            "logging": [],
            "object_lock_configuration": [],
            "object_lock_enabled": false,
            "policy": null,
            "region": "us-east-1",
            "replication_configuration": [],
            "request_payer": "BucketOwner",
            "server_side_encryption_configuration": [
              {
                "rule": [
                  {
                    "apply_server_side_encryption_by_default": [
                      {
                        "kms_master_key_id": "",
                        "sse_algorithm": "AES256"
                      }
                    ],
                    "bucket_key_enabled": false
                  }
                ]
              }
            ],
            "tags": {
              "Environment": "dev"
            },
            "tags_all": {
              "Environment": "dev"
            },
            "versioning": [
              {
                "enabled": false,
                "mfa_delete": false
              }
            ],
            "website": [],
            "website_domain": null,
            "website_endpoint": null
          },
          "sensitive_attributes": [],
          "private": "bnVsbA=="
        }
      ]
    },
    {
      "mode": "managed",
      "type": "aws_s3_bucket_notification",
      "name": "aws-lambda-trigger",
      "provider": "provider[\"registry.terraform.io/hashicorp/aws\"]",
      "instances": [
        {
          "index_key": 0,
          "schema_version": 0,
          "attributes": {
            "bucket": "raw-soybean-bucket",
            "eventbridge": false,
            "id": "raw-soybean-bucket",
            "lambda_function": [
              {
                "events": [
                  "s3:ObjectCreated:*"
                ],
                "filter_prefix": "",
                "filter_suffix": "",
                "id": "tf-s3-lambda-20231018134023184300000001",
                "lambda_function_arn": "arn:aws:lambda:us-east-1:965421732820:function:raw_to_staged"
              }
            ],
            "queue": [],
            "topic": []
          },
          "sensitive_attributes": [],
          "private": "bnVsbA==",
          "dependencies": [
            "aws_lambda_function.lambda",
            "aws_lambda_layer_version.this",
            "aws_s3_bucket.bucket",
            "data.archive_file.code",
            "data.archive_file.layer"
          ]
        },
        {
          "index_key": 1,
          "schema_version": 0,
          "attributes": {
            "bucket": "staged-soybean-bucket",
            "eventbridge": false,
            "id": "staged-soybean-bucket",
            "lambda_function": [
              {
                "events": [
                  "s3:ObjectCreated:*"
                ],
                "filter_prefix": "",
                "filter_suffix": "",
                "id": "tf-s3-lambda-20231018133937045800000003",
                "lambda_function_arn": "arn:aws:lambda:us-east-1:965421732820:function:staged_to_consumed"
              }
            ],
            "queue": [],
            "topic": []
          },
          "sensitive_attributes": [],
          "private": "bnVsbA==",
          "dependencies": [
            "aws_lambda_function.lambda",
            "aws_lambda_layer_version.this",
            "aws_s3_bucket.bucket",
            "data.archive_file.code",
            "data.archive_file.layer"
          ]
        }
      ]
    },
    {
      "mode": "managed",
      "type": "aws_subnet",
      "name": "private_subnets",
      "provider": "provider[\"registry.terraform.io/hashicorp/aws\"]",
      "instances": [
        {
          "index_key": 0,
          "schema_version": 1,
          "attributes": {
            "arn": "arn:aws:ec2:us-east-1:965421732820:subnet/subnet-064c15a8b3d52be0f",
            "assign_ipv6_address_on_creation": false,
            "availability_zone": "us-east-1a",
            "availability_zone_id": "use1-az6",
            "cidr_block": "10.0.3.0/24",
            "customer_owned_ipv4_pool": "",
            "enable_dns64": false,
            "enable_resource_name_dns_a_record_on_launch": false,
            "enable_resource_name_dns_aaaa_record_on_launch": false,
            "id": "subnet-064c15a8b3d52be0f",
            "ipv6_cidr_block": "",
            "ipv6_cidr_block_association_id": "",
            "ipv6_native": false,
            "map_customer_owned_ip_on_launch": false,
            "map_public_ip_on_launch": false,
            "outpost_arn": "",
            "owner_id": "965421732820",
            "private_dns_hostname_type_on_launch": "ip-name",
            "tags": {
              "Name": "Private Subnet 1"
            },
            "tags_all": {
              "Name": "Private Subnet 1"
            },
            "timeouts": null,
            "vpc_id": "vpc-0f0b16fbed70cec36"
          },
          "sensitive_attributes": [],
          "private": "eyJlMmJmYjczMC1lY2FhLTExZTYtOGY4OC0zNDM2M2JjN2M0YzAiOnsiY3JlYXRlIjo2MDAwMDAwMDAwMDAsImRlbGV0ZSI6MTIwMDAwMDAwMDAwMH0sInNjaGVtYV92ZXJzaW9uIjoiMSJ9",
          "dependencies": [
            "aws_vpc.main"
          ]
        },
        {
          "index_key": 1,
          "schema_version": 1,
          "attributes": {
            "arn": "arn:aws:ec2:us-east-1:965421732820:subnet/subnet-0376026fc15daae56",
            "assign_ipv6_address_on_creation": false,
            "availability_zone": "us-east-1b",
            "availability_zone_id": "use1-az1",
            "cidr_block": "10.0.4.0/24",
            "customer_owned_ipv4_pool": "",
            "enable_dns64": false,
            "enable_resource_name_dns_a_record_on_launch": false,
            "enable_resource_name_dns_aaaa_record_on_launch": false,
            "id": "subnet-0376026fc15daae56",
            "ipv6_cidr_block": "",
            "ipv6_cidr_block_association_id": "",
            "ipv6_native": false,
            "map_customer_owned_ip_on_launch": false,
            "map_public_ip_on_launch": false,
            "outpost_arn": "",
            "owner_id": "965421732820",
            "private_dns_hostname_type_on_launch": "ip-name",
            "tags": {
              "Name": "Private Subnet 2"
            },
            "tags_all": {
              "Name": "Private Subnet 2"
            },
            "timeouts": null,
            "vpc_id": "vpc-0f0b16fbed70cec36"
          },
          "sensitive_attributes": [],
          "private": "eyJlMmJmYjczMC1lY2FhLTExZTYtOGY4OC0zNDM2M2JjN2M0YzAiOnsiY3JlYXRlIjo2MDAwMDAwMDAwMDAsImRlbGV0ZSI6MTIwMDAwMDAwMDAwMH0sInNjaGVtYV92ZXJzaW9uIjoiMSJ9",
          "dependencies": [
            "aws_vpc.main"
          ]
        }
      ]
    },
    {
      "mode": "managed",
      "type": "aws_subnet",
      "name": "public_subnets",
      "provider": "provider[\"registry.terraform.io/hashicorp/aws\"]",
      "instances": [
        {
          "index_key": 0,
          "schema_version": 1,
          "attributes": {
            "arn": "arn:aws:ec2:us-east-1:965421732820:subnet/subnet-036ad41a49b74adaa",
            "assign_ipv6_address_on_creation": false,
            "availability_zone": "us-east-1a",
            "availability_zone_id": "use1-az6",
            "cidr_block": "10.0.1.0/24",
            "customer_owned_ipv4_pool": "",
            "enable_dns64": false,
            "enable_resource_name_dns_a_record_on_launch": true,
            "enable_resource_name_dns_aaaa_record_on_launch": false,
            "id": "subnet-036ad41a49b74adaa",
            "ipv6_cidr_block": "",
            "ipv6_cidr_block_association_id": "",
            "ipv6_native": false,
            "map_customer_owned_ip_on_launch": false,
            "map_public_ip_on_launch": true,
            "outpost_arn": "",
            "owner_id": "965421732820",
            "private_dns_hostname_type_on_launch": "ip-name",
            "tags": {
              "Name": "Public Subnet 1"
            },
            "tags_all": {
              "Name": "Public Subnet 1"
            },
            "timeouts": null,
            "vpc_id": "vpc-0f0b16fbed70cec36"
          },
          "sensitive_attributes": [],
          "private": "eyJlMmJmYjczMC1lY2FhLTExZTYtOGY4OC0zNDM2M2JjN2M0YzAiOnsiY3JlYXRlIjo2MDAwMDAwMDAwMDAsImRlbGV0ZSI6MTIwMDAwMDAwMDAwMH0sInNjaGVtYV92ZXJzaW9uIjoiMSJ9",
          "dependencies": [
            "aws_vpc.main"
          ]
        },
        {
          "index_key": 1,
          "schema_version": 1,
          "attributes": {
            "arn": "arn:aws:ec2:us-east-1:965421732820:subnet/subnet-0c6f588b3bad97b46",
            "assign_ipv6_address_on_creation": false,
            "availability_zone": "us-east-1b",
            "availability_zone_id": "use1-az1",
            "cidr_block": "10.0.2.0/24",
            "customer_owned_ipv4_pool": "",
            "enable_dns64": false,
            "enable_resource_name_dns_a_record_on_launch": true,
            "enable_resource_name_dns_aaaa_record_on_launch": false,
            "id": "subnet-0c6f588b3bad97b46",
            "ipv6_cidr_block": "",
            "ipv6_cidr_block_association_id": "",
            "ipv6_native": false,
            "map_customer_owned_ip_on_launch": false,
            "map_public_ip_on_launch": true,
            "outpost_arn": "",
            "owner_id": "965421732820",
            "private_dns_hostname_type_on_launch": "ip-name",
            "tags": {
              "Name": "Public Subnet 2"
            },
            "tags_all": {
              "Name": "Public Subnet 2"
            },
            "timeouts": null,
            "vpc_id": "vpc-0f0b16fbed70cec36"
          },
          "sensitive_attributes": [],
          "private": "eyJlMmJmYjczMC1lY2FhLTExZTYtOGY4OC0zNDM2M2JjN2M0YzAiOnsiY3JlYXRlIjo2MDAwMDAwMDAwMDAsImRlbGV0ZSI6MTIwMDAwMDAwMDAwMH0sInNjaGVtYV92ZXJzaW9uIjoiMSJ9",
          "dependencies": [
            "aws_vpc.main"
          ]
        }
      ]
    },
    {
      "mode": "managed",
      "type": "aws_vpc",
      "name": "main",
      "provider": "provider[\"registry.terraform.io/hashicorp/aws\"]",
      "instances": [
        {
          "schema_version": 1,
          "attributes": {
            "arn": "arn:aws:ec2:us-east-1:965421732820:vpc/vpc-0f0b16fbed70cec36",
            "assign_generated_ipv6_cidr_block": false,
            "cidr_block": "10.0.0.0/16",
            "default_network_acl_id": "acl-09328ee3445f0556b",
            "default_route_table_id": "rtb-09cde23b2c8972ad7",
            "default_security_group_id": "sg-0f38559c8c3c883c6",
            "dhcp_options_id": "dopt-02ed4dea876163d88",
            "enable_classiclink": false,
            "enable_classiclink_dns_support": false,
            "enable_dns_hostnames": true,
            "enable_dns_support": true,
            "id": "vpc-0f0b16fbed70cec36",
            "instance_tenancy": "default",
            "ipv4_ipam_pool_id": null,
            "ipv4_netmask_length": null,
            "ipv6_association_id": "",
            "ipv6_cidr_block": "",
            "ipv6_cidr_block_network_border_group": "",
            "ipv6_ipam_pool_id": "",
            "ipv6_netmask_length": 0,
            "main_route_table_id": "rtb-09cde23b2c8972ad7",
            "owner_id": "965421732820",
            "tags": {
              "Name": "soybean-vpc"
            },
            "tags_all": {
              "Name": "soybean-vpc"
            }
          },
          "sensitive_attributes": [],
          "private": "eyJzY2hlbWFfdmVyc2lvbiI6IjEifQ=="
        }
      ]
    },
    {
      "mode": "managed",
      "type": "tls_private_key",
      "name": "key",
      "provider": "provider[\"registry.terraform.io/hashicorp/tls\"]",
      "instances": [
        {
          "schema_version": 1,
          "attributes": {
            "algorithm": "RSA",
            "ecdsa_curve": "P224",
            "id": "bc29a4fbcd59230fd0873f65a3c0e60ec9119872",
            "private_key_openssh": "-----BEGIN OPENSSH PRIVATE KEY-----\nb3BlbnNzaC1rZXktdjEAAAAABG5vbmUAAAAEbm9uZQAAAAAAAAABAAABFwAAAAdz\nc2gtcnNhAAAAAwEAAQAAAQEAxtTILc2QGWcr4fN5C4Tr88hKDGzDLoJTMSAXnbIc\nhfZCmJrGUqv1B66IowWcit0wKLJAqMUj2JTLYL/g1pxZO1UozhR2HA8JpkE+aFv4\nCUkAcYtf3bZF9huweRG++LgA8yEzSUAXvihPlLwdpiwUaB+x81Jkdv7EpZKzrcb0\nFwKIpf04P8w2S5RniHi5MwD3MnlTzEKk/F2JLVxOPV9XHp6w9bGRY9BONDfMww+M\nAG3qoKIHLTl9mcqtqFVRGkUELKCKw7le2HY3n2SmUVlyunmah6mGrNjL6c4SjcwZ\nda+xoZLoWLK+RA11qhEqn04879KDgS2Z2JDFyubINDKk+wAAA7gOg4s1DoOLNQAA\nAAdzc2gtcnNhAAABAQDG1MgtzZAZZyvh83kLhOvzyEoMbMMuglMxIBedshyF9kKY\nmsZSq/UHroijBZyK3TAoskCoxSPYlMtgv+DWnFk7VSjOFHYcDwmmQT5oW/gJSQBx\ni1/dtkX2G7B5Eb74uADzITNJQBe+KE+UvB2mLBRoH7HzUmR2/sSlkrOtxvQXAoil\n/Tg/zDZLlGeIeLkzAPcyeVPMQqT8XYktXE49X1cenrD1sZFj0E40N8zDD4wAbeqg\nogctOX2Zyq2oVVEaRQQsoIrDuV7YdjefZKZRWXK6eZqHqYas2MvpzhKNzBl1r7Gh\nkuhYsr5EDXWqESqfTjzv0oOBLZnYkMXK5sg0MqT7AAAAAwEAAQAAAQAIHNJ2G/cP\nMkh2FasQr0G5Vqi+zQlBsouWa4rLImNLi/q3o0kIQn/i6lok3KvAdrnqTyuYN0L5\nKUkLD4kq+IIji5v4nJkdF/f60pqrQ2Vha5sbBubIcxFzszmGFxVFrKxNP0OKb5UI\nazikBvDmwNGsVe660NfMiySW5N9z7bQz5BITyKWcCzR5v3np/W2RUPiFAU8qE6hL\nAehZn6xJUCFEO66Rc8Aehjq8+RVmpPwJ+UQdzeequBeTiyw99l69+Yi98m51xrHj\nah/HNMWO/XwKnua925irgk3oLqJWRjMhDh7QbIxD/uzlIw9bZUh/fbspoTRKAvov\nmk1KLVfa8beBAAAAgQCKClV5Ip3kF/HFAF+e95LixQtZmt+xajG1Afddmt6vZYIM\ny23MAF/4CJUJbDTxqGnm1kg8onmrbh8NcD5Ye5hMsNSC/AnjGLh8hPSu52hxp54U\nXVOmaNx2Why3Os+7P5eiu73nN7wlYADNhKaMmwq+ohY4lKCPzsqNim+fh2edHQAA\nAIEAzLRb+SJ44gVzrbB6O+sf+Lb1TXSDhGxrrTSwMxGDtX1GeWveoD7fky/iy6zn\n6JZJ1DuOpSXn9CPOO4hGdW0RLTU5pNts//e4xk+G2oEmq9oD0RmeEzOzIZHdszfS\nK8Rbuwn5AROAqhvwA4R29URN3fSLejIDF9/va4pckF9IBGEAAACBAPinptt7c9R4\nTGoM510Kv096Yh4k7W2plT9kFjDnp0266UbwbFptqrjLrEfEKtP1BpeJdCCtKFeF\nbHpw/iHqEIo8OFTAK3gkVDWi6cknyxdJGxbnaBLdYs0lJY1k3B2h4/a7RrznEXFl\n9xqZkvFO6qwD29GqYKz/SP9ypTZ2wKbbAAAAAAEC\n-----END OPENSSH PRIVATE KEY-----\n",
            "private_key_pem": "-----BEGIN RSA PRIVATE KEY-----\nMIIEowIBAAKCAQEAxtTILc2QGWcr4fN5C4Tr88hKDGzDLoJTMSAXnbIchfZCmJrG\nUqv1B66IowWcit0wKLJAqMUj2JTLYL/g1pxZO1UozhR2HA8JpkE+aFv4CUkAcYtf\n3bZF9huweRG++LgA8yEzSUAXvihPlLwdpiwUaB+x81Jkdv7EpZKzrcb0FwKIpf04\nP8w2S5RniHi5MwD3MnlTzEKk/F2JLVxOPV9XHp6w9bGRY9BONDfMww+MAG3qoKIH\nLTl9mcqtqFVRGkUELKCKw7le2HY3n2SmUVlyunmah6mGrNjL6c4SjcwZda+xoZLo\nWLK+RA11qhEqn04879KDgS2Z2JDFyubINDKk+wIDAQABAoIBAAgc0nYb9w8ySHYV\nqxCvQblWqL7NCUGyi5ZrissiY0uL+rejSQhCf+LqWiTcq8B2uepPK5g3QvkpSQsP\niSr4giOLm/icmR0X9/rSmqtDZWFrmxsG5shzEXOzOYYXFUWsrE0/Q4pvlQhrOKQG\n8ObA0axV7rrQ18yLJJbk33PttDPkEhPIpZwLNHm/een9bZFQ+IUBTyoTqEsB6Fmf\nrElQIUQ7rpFzwB6GOrz5FWak/An5RB3N56q4F5OLLD32Xr35iL3ybnXGseNqH8c0\nxY79fAqe5r3bmKuCTeguolZGMyEOHtBsjEP+7OUjD1tlSH99uymhNEoC+i+aTUot\nV9rxt4ECgYEAzLRb+SJ44gVzrbB6O+sf+Lb1TXSDhGxrrTSwMxGDtX1GeWveoD7f\nky/iy6zn6JZJ1DuOpSXn9CPOO4hGdW0RLTU5pNts//e4xk+G2oEmq9oD0RmeEzOz\nIZHdszfSK8Rbuwn5AROAqhvwA4R29URN3fSLejIDF9/va4pckF9IBGECgYEA+Kem\n23tz1HhMagznXQq/T3piHiTtbamVP2QWMOenTbrpRvBsWm2quMusR8Qq0/UGl4l0\nIK0oV4VsenD+IeoQijw4VMAreCRUNaLpySfLF0kbFudoEt1izSUljWTcHaHj9rtG\nvOcRcWX3GpmS8U7qrAPb0apgrP9I/3KlNnbAptsCgYBr0RsYLzXoJeL1upvG72JZ\nh1PQRev3VXupMLUVUMZEUwVJcq1BTZxIU9JqYFmNQYsFQ5EwHrT6+9jltjMWKin/\n26bO09unPfyORtjKQXfyz9Nu0MVXa8WPitpwSJhkAPonm2sRTApajnhuAdj9+cnh\ne6ny5GCItKPPyoJScDzoQQKBgEpmF1XKfWDQUcTVcZB0O8OzEZKFaAkM2Zwq/TzK\nw1NNnqjcHP99mrxKLJUYi9v5j2xd80InrU9qm4eTMWbCWwqRdCVfjmIXNJ8LzLmk\nT277L8DNomUqmnpZKABDclznaIcVh9fTp3Nvl9z8oGvVOgAX83iratu4UoYkLmy6\nYXBLAoGBAIoKVXkineQX8cUAX573kuLFC1ma37FqMbUB912a3q9lggzLbcwAX/gI\nlQlsNPGoaebWSDyieatuHw1wPlh7mEyw1IL8CeMYuHyE9K7naHGnnhRdU6Zo3HZa\nHLc6z7s/l6K7vec3vCVgAM2EpoybCr6iFjiUoI/Oyo2Kb5+HZ50d\n-----END RSA PRIVATE KEY-----\n",
            "private_key_pem_pkcs8": "-----BEGIN PRIVATE KEY-----\nMIIEvQIBADANBgkqhkiG9w0BAQEFAASCBKcwggSjAgEAAoIBAQDG1MgtzZAZZyvh\n83kLhOvzyEoMbMMuglMxIBedshyF9kKYmsZSq/UHroijBZyK3TAoskCoxSPYlMtg\nv+DWnFk7VSjOFHYcDwmmQT5oW/gJSQBxi1/dtkX2G7B5Eb74uADzITNJQBe+KE+U\nvB2mLBRoH7HzUmR2/sSlkrOtxvQXAoil/Tg/zDZLlGeIeLkzAPcyeVPMQqT8XYkt\nXE49X1cenrD1sZFj0E40N8zDD4wAbeqgogctOX2Zyq2oVVEaRQQsoIrDuV7Ydjef\nZKZRWXK6eZqHqYas2MvpzhKNzBl1r7GhkuhYsr5EDXWqESqfTjzv0oOBLZnYkMXK\n5sg0MqT7AgMBAAECggEACBzSdhv3DzJIdhWrEK9BuVaovs0JQbKLlmuKyyJjS4v6\nt6NJCEJ/4upaJNyrwHa56k8rmDdC+SlJCw+JKviCI4ub+JyZHRf3+tKaq0NlYWub\nGwbmyHMRc7M5hhcVRaysTT9Dim+VCGs4pAbw5sDRrFXuutDXzIskluTfc+20M+QS\nE8ilnAs0eb956f1tkVD4hQFPKhOoSwHoWZ+sSVAhRDuukXPAHoY6vPkVZqT8CflE\nHc3nqrgXk4ssPfZevfmIvfJudcax42ofxzTFjv18Cp7mvduYq4JN6C6iVkYzIQ4e\n0GyMQ/7s5SMPW2VIf327KaE0SgL6L5pNSi1X2vG3gQKBgQDMtFv5InjiBXOtsHo7\n6x/4tvVNdIOEbGutNLAzEYO1fUZ5a96gPt+TL+LLrOfolknUO46lJef0I847iEZ1\nbREtNTmk22z/97jGT4bagSar2gPRGZ4TM7Mhkd2zN9IrxFu7CfkBE4CqG/ADhHb1\nRE3d9It6MgMX3+9rilyQX0gEYQKBgQD4p6bbe3PUeExqDOddCr9PemIeJO1tqZU/\nZBYw56dNuulG8Gxabaq4y6xHxCrT9QaXiXQgrShXhWx6cP4h6hCKPDhUwCt4JFQ1\nounJJ8sXSRsW52gS3WLNJSWNZNwdoeP2u0a85xFxZfcamZLxTuqsA9vRqmCs/0j/\ncqU2dsCm2wKBgGvRGxgvNegl4vW6m8bvYlmHU9BF6/dVe6kwtRVQxkRTBUlyrUFN\nnEhT0mpgWY1BiwVDkTAetPr72OW2MxYqKf/bps7T26c9/I5G2MpBd/LP027QxVdr\nxY+K2nBImGQA+iebaxFMClqOeG4B2P35yeF7qfLkYIi0o8/KglJwPOhBAoGASmYX\nVcp9YNBRxNVxkHQ7w7MRkoVoCQzZnCr9PMrDU02eqNwc/32avEoslRiL2/mPbF3z\nQietT2qbh5MxZsJbCpF0JV+OYhc0nwvMuaRPbvsvwM2iZSqaelkoAENyXOdohxWH\n19Onc2+X3Pyga9U6ABfzeKtq27hShiQubLphcEsCgYEAigpVeSKd5BfxxQBfnveS\n4sULWZrfsWoxtQH3XZrer2WCDMttzABf+AiVCWw08ahp5tZIPKJ5q24fDXA+WHuY\nTLDUgvwJ4xi4fIT0rudocaeeFF1TpmjcdloctzrPuz+Xoru95ze8JWAAzYSmjJsK\nvqIWOJSgj87KjYpvn4dnnR0=\n-----END PRIVATE KEY-----\n",
            "public_key_fingerprint_md5": "0b:37:84:b0:9c:96:6a:53:47:f8:87:be:ab:50:59:52",
            "public_key_fingerprint_sha256": "SHA256:u4M5N3kkDbJKzk16X7AtbR/ppvQXSUV0aQsRQ1HuKng",
            "public_key_openssh": "ssh-rsa AAAAB3NzaC1yc2EAAAADAQABAAABAQDG1MgtzZAZZyvh83kLhOvzyEoMbMMuglMxIBedshyF9kKYmsZSq/UHroijBZyK3TAoskCoxSPYlMtgv+DWnFk7VSjOFHYcDwmmQT5oW/gJSQBxi1/dtkX2G7B5Eb74uADzITNJQBe+KE+UvB2mLBRoH7HzUmR2/sSlkrOtxvQXAoil/Tg/zDZLlGeIeLkzAPcyeVPMQqT8XYktXE49X1cenrD1sZFj0E40N8zDD4wAbeqgogctOX2Zyq2oVVEaRQQsoIrDuV7YdjefZKZRWXK6eZqHqYas2MvpzhKNzBl1r7GhkuhYsr5EDXWqESqfTjzv0oOBLZnYkMXK5sg0MqT7\n",
            "public_key_pem": "-----BEGIN PUBLIC KEY-----\nMIIBIjANBgkqhkiG9w0BAQEFAAOCAQ8AMIIBCgKCAQEAxtTILc2QGWcr4fN5C4Tr\n88hKDGzDLoJTMSAXnbIchfZCmJrGUqv1B66IowWcit0wKLJAqMUj2JTLYL/g1pxZ\nO1UozhR2HA8JpkE+aFv4CUkAcYtf3bZF9huweRG++LgA8yEzSUAXvihPlLwdpiwU\naB+x81Jkdv7EpZKzrcb0FwKIpf04P8w2S5RniHi5MwD3MnlTzEKk/F2JLVxOPV9X\nHp6w9bGRY9BONDfMww+MAG3qoKIHLTl9mcqtqFVRGkUELKCKw7le2HY3n2SmUVly\nunmah6mGrNjL6c4SjcwZda+xoZLoWLK+RA11qhEqn04879KDgS2Z2JDFyubINDKk\n+wIDAQAB\n-----END PUBLIC KEY-----\n",
            "rsa_bits": 2048
          },
          "sensitive_attributes": []
        }
      ]
    },
    {
      "mode": "managed",
      "type": "tls_self_signed_cert",
      "name": "cert",
      "provider": "provider[\"registry.terraform.io/hashicorp/tls\"]",
      "instances": [
        {
          "schema_version": 0,
          "attributes": {
            "allowed_uses": [],
            "cert_pem": "-----BEGIN CERTIFICATE-----\nMIICuDCCAaCgAwIBAgIQFDb1T2zHtdWwWTE2my2b6TANBgkqhkiG9w0BAQsFADAP\nMQ0wCwYDVQQKEwR0ZXN0MB4XDTIzMTEyMTIyMjIwMloXDTIzMTIwMTIyMjIwMlow\nDzENMAsGA1UEChMEdGVzdDCCASIwDQYJKoZIhvcNAQEBBQADggEPADCCAQoCggEB\nAMbUyC3NkBlnK+HzeQuE6/PISgxswy6CUzEgF52yHIX2QpiaxlKr9QeuiKMFnIrd\nMCiyQKjFI9iUy2C/4NacWTtVKM4UdhwPCaZBPmhb+AlJAHGLX922RfYbsHkRvvi4\nAPMhM0lAF74oT5S8HaYsFGgfsfNSZHb+xKWSs63G9BcCiKX9OD/MNkuUZ4h4uTMA\n9zJ5U8xCpPxdiS1cTj1fVx6esPWxkWPQTjQ3zMMPjABt6qCiBy05fZnKrahVURpF\nBCygisO5Xth2N59kplFZcrp5moephqzYy+nOEo3MGXWvsaGS6FiyvkQNdaoRKp9O\nPO/Sg4EtmdiQxcrmyDQypPsCAwEAAaMQMA4wDAYDVR0TAQH/BAIwADANBgkqhkiG\n9w0BAQsFAAOCAQEAo7WAfgGiBdIaY4DPp0QF5UOy0L3wrQkyFzhju/+kqPuAdQWa\nUq7B/q1VuitpNW3LEc21p1FJ6hXG9KbQoCWIvdN0+KHzxvcICF5AmwN0cVTtBcPW\nopHiksKdGEViojuzPPpdVHvN8A1v3mWPVR+IBe64MoaYy0i73JARJaVr5HCwAzWf\n3uGJxDujj+B4oqN2+/nvEHhSzrasp/a16teyUKdI2k6bYMRLktVaeSBAUSRwXSw0\n0pYetikw4aXnDO14FWuL9Ff795Jo3e0gqeNEjJncGkeMvSTITS/Gq55GTm8GQZZb\ncOdN2TZD08UPwCny4jgr1FAESdenQwDBqlae2g==\n-----END CERTIFICATE-----\n",
            "dns_names": null,
            "early_renewal_hours": 0,
            "id": "26869919429102747425159032642087001065",
            "ip_addresses": null,
            "is_ca_certificate": false,
            "key_algorithm": "RSA",
            "private_key_pem": "-----BEGIN RSA PRIVATE KEY-----\nMIIEowIBAAKCAQEAxtTILc2QGWcr4fN5C4Tr88hKDGzDLoJTMSAXnbIchfZCmJrG\nUqv1B66IowWcit0wKLJAqMUj2JTLYL/g1pxZO1UozhR2HA8JpkE+aFv4CUkAcYtf\n3bZF9huweRG++LgA8yEzSUAXvihPlLwdpiwUaB+x81Jkdv7EpZKzrcb0FwKIpf04\nP8w2S5RniHi5MwD3MnlTzEKk/F2JLVxOPV9XHp6w9bGRY9BONDfMww+MAG3qoKIH\nLTl9mcqtqFVRGkUELKCKw7le2HY3n2SmUVlyunmah6mGrNjL6c4SjcwZda+xoZLo\nWLK+RA11qhEqn04879KDgS2Z2JDFyubINDKk+wIDAQABAoIBAAgc0nYb9w8ySHYV\nqxCvQblWqL7NCUGyi5ZrissiY0uL+rejSQhCf+LqWiTcq8B2uepPK5g3QvkpSQsP\niSr4giOLm/icmR0X9/rSmqtDZWFrmxsG5shzEXOzOYYXFUWsrE0/Q4pvlQhrOKQG\n8ObA0axV7rrQ18yLJJbk33PttDPkEhPIpZwLNHm/een9bZFQ+IUBTyoTqEsB6Fmf\nrElQIUQ7rpFzwB6GOrz5FWak/An5RB3N56q4F5OLLD32Xr35iL3ybnXGseNqH8c0\nxY79fAqe5r3bmKuCTeguolZGMyEOHtBsjEP+7OUjD1tlSH99uymhNEoC+i+aTUot\nV9rxt4ECgYEAzLRb+SJ44gVzrbB6O+sf+Lb1TXSDhGxrrTSwMxGDtX1GeWveoD7f\nky/iy6zn6JZJ1DuOpSXn9CPOO4hGdW0RLTU5pNts//e4xk+G2oEmq9oD0RmeEzOz\nIZHdszfSK8Rbuwn5AROAqhvwA4R29URN3fSLejIDF9/va4pckF9IBGECgYEA+Kem\n23tz1HhMagznXQq/T3piHiTtbamVP2QWMOenTbrpRvBsWm2quMusR8Qq0/UGl4l0\nIK0oV4VsenD+IeoQijw4VMAreCRUNaLpySfLF0kbFudoEt1izSUljWTcHaHj9rtG\nvOcRcWX3GpmS8U7qrAPb0apgrP9I/3KlNnbAptsCgYBr0RsYLzXoJeL1upvG72JZ\nh1PQRev3VXupMLUVUMZEUwVJcq1BTZxIU9JqYFmNQYsFQ5EwHrT6+9jltjMWKin/\n26bO09unPfyORtjKQXfyz9Nu0MVXa8WPitpwSJhkAPonm2sRTApajnhuAdj9+cnh\ne6ny5GCItKPPyoJScDzoQQKBgEpmF1XKfWDQUcTVcZB0O8OzEZKFaAkM2Zwq/TzK\nw1NNnqjcHP99mrxKLJUYi9v5j2xd80InrU9qm4eTMWbCWwqRdCVfjmIXNJ8LzLmk\nT277L8DNomUqmnpZKABDclznaIcVh9fTp3Nvl9z8oGvVOgAX83iratu4UoYkLmy6\nYXBLAoGBAIoKVXkineQX8cUAX573kuLFC1ma37FqMbUB912a3q9lggzLbcwAX/gI\nlQlsNPGoaebWSDyieatuHw1wPlh7mEyw1IL8CeMYuHyE9K7naHGnnhRdU6Zo3HZa\nHLc6z7s/l6K7vec3vCVgAM2EpoybCr6iFjiUoI/Oyo2Kb5+HZ50d\n-----END RSA PRIVATE KEY-----\n",
            "ready_for_renewal": false,
            "set_authority_key_id": false,
            "set_subject_key_id": false,
            "subject": [
              {
                "common_name": null,
                "country": null,
                "locality": null,
                "organization": "test",
                "organizational_unit": null,
                "postal_code": null,
                "province": null,
                "serial_number": null,
                "street_address": null
              }
            ],
            "uris": null,
            "validity_end_time": "2023-12-01T19:22:02.902309416-03:00",
            "validity_period_hours": 240,
            "validity_start_time": "2023-11-21T19:22:02.902309416-03:00"
          },
          "sensitive_attributes": [
            [
              {
                "type": "get_attr",
                "value": "private_key_pem"
              }
            ]
          ],
          "dependencies": [
            "tls_private_key.key"
          ]
        }
      ]
    }
  ],
  "check_results": null
}
