{
  "version": 4,
  "terraform_version": "1.3.5",
  "serial": 48,
  "lineage": "44183b7b-7b9c-ce7d-9450-eeadb2cd7093",
  "outputs": {
    "ca": {
      "value": "-----BEGIN CERTIFICATE-----\nMIIDQTCCAimgAwIBAgITBmyfz5m/jAo54vB4ikPmljZbyjANBgkqhkiG9w0BAQsF\nADA5MQswCQYDVQQGEwJVUzEPMA0GA1UEChMGQW1hem9uMRkwFwYDVQQDExBBbWF6\nb24gUm9vdCBDQSAxMB4XDTE1MDUyNjAwMDAwMFoXDTM4MDExNzAwMDAwMFowOTEL\nMAkGA1UEBhMCVVMxDzANBgNVBAoTBkFtYXpvbjEZMBcGA1UEAxMQQW1hem9uIFJv\nb3QgQ0EgMTCCASIwDQYJKoZIhvcNAQEBBQADggEPADCCAQoCggEBALJ4gHHKeNXj\nca9HgFB0fW7Y14h29Jlo91ghYPl0hAEvrAIthtOgQ3pOsqTQNroBvo3bSMgHFzZM\n9O6II8c+6zf1tRn4SWiw3te5djgdYZ6k/oI2peVKVuRF4fn9tBb6dNqcmzU5L/qw\nIFAGbHrQgLKm+a/sRxmPUDgH3KKHOVj4utWp+UhnMJbulHheb4mjUcAwhmahRWa6\nVOujw5H5SNz/0egwLX0tdHA114gk957EWW67c4cX8jJGKLhD+rcdqsq08p8kDi1L\n93FcXmn/6pUCyziKrlA4b9v7LWIbxcceVOF34GfID5yHI9Y/QCB/IIDEgEw+OyQm\njgSubJrIqg0CAwEAAaNCMEAwDwYDVR0TAQH/BAUwAwEB/zAOBgNVHQ8BAf8EBAMC\nAYYwHQYDVR0OBBYEFIQYzIU07LwMlJQuCFmcx7IQTgoIMA0GCSqGSIb3DQEBCwUA\nA4IBAQCY8jdaQZChGsV2USggNiMOruYou6r4lK5IpDB/G/wkjUu0yKGX9rbxenDI\nU5PMCCjjmCXPI6T53iHTfIUJrU6adTrCC2qJeHZERxhlbI1Bjjt/msv0tadQ1wUs\nN+gDS63pYaACbvXy8MWy7Vu33PqUXHeeE6V/Uq2V8viTO96LXFvKWlJbYK8U90vv\no/ufQJVtMVT8QtPHRh8jrdkPSHCa2XV4cdFyQzR1bldZwgJcJmApzyMZFo6IQ6XU\n5MsI+yMRQ+hDKXJioaldXgjUkK642M4UwtBV8ob2xJNDd2ZhwLnoQdeXeGADbkpy\nrqXRfboQnoZsG4q5WTP468SQvvG5\n-----END CERTIFICATE-----\n",
      "type": "string"
    },
    "cert": {
      "value": "-----BEGIN CERTIFICATE-----\nMIICuTCCAaGgAwIBAgIRALahsJ3EQsvR0QFuyyuGhv4wDQYJKoZIhvcNAQELBQAw\nDzENMAsGA1UEChMEdGVzdDAeFw0yMzExMjIwMDAwMjFaFw0yMzEyMDIwMDAwMjFa\nMA8xDTALBgNVBAoTBHRlc3QwggEiMA0GCSqGSIb3DQEBAQUAA4IBDwAwggEKAoIB\nAQDDS9Tn3kSEqnIIJafLvLYgY9jP0bFYmC4EFRxK4LSu/UOxECVpeh2g2DWaugX/\nrY4Eb7m0JTVrQe1QtPZ4lYipLQv54FvajDQxMNpgkoFbIVdjZVGMirsu+2AaEX2h\nFyBZY2z23Ce+SOd06afFzuUcD9g1LLbAv6VWowftcXDm3/R5/yTOGXvb35I6BYhM\nUR78hZTu6FpMJYxQgwBNfMRCrqa09WeavKOtYKZL6IEoFeY5Ju1WogoTUi4kCusL\nvZ/bnhLsIfL1x42Hc/dRzhyo6TPzSsfFthUy4FcDbF2FhI+zG9a7e4+Fuh7rVMSB\n7jzjLT6ClEYCtYdidA+pg5cbAgMBAAGjEDAOMAwGA1UdEwEB/wQCMAAwDQYJKoZI\nhvcNAQELBQADggEBAElMJIbpOSXqtjWHCEsxGhNUPPnpesIEI1ancLF6ygbWrIFr\nMeQ4gkOJCskVLtC3d95d0xmP6FlhHNpbbaxg61Hh5eSh6jpgsvzFERtU+ZWJeFao\n9JjOlzADnrUpQLJxTx44r7PJdZsIfFmaxwzK9qO5RKKRlu69lKrUfCMWwurBbltk\nOHqrr4/rjZqvkH3xQCrfcVsW7d6TJPdVRrMTL2ztCDXuh/ZuZVvwvakJke2AMkp1\nhEzJwiq5TuiHfTp3Ay/PqmVXdMHMrRvAmN78L/fTuszalypQ37wwxrSSgXzO9nPb\nnLn1Tk137ZGdZQz5iV0V5xxrZJ76+e91QgGGm2I=\n-----END CERTIFICATE-----\n",
      "type": "string"
    },
    "iot_endpoint": {
      "value": "avmwwh3k35ofh-ats.iot.us-east-1.amazonaws.com",
      "type": "string"
    },
    "key": {
      "value": "-----BEGIN RSA PRIVATE KEY-----\nMIIEpQIBAAKCAQEAw0vU595EhKpyCCWny7y2IGPYz9GxWJguBBUcSuC0rv1DsRAl\naXodoNg1mroF/62OBG+5tCU1a0HtULT2eJWIqS0L+eBb2ow0MTDaYJKBWyFXY2VR\njIq7LvtgGhF9oRcgWWNs9twnvkjndOmnxc7lHA/YNSy2wL+lVqMH7XFw5t/0ef8k\nzhl729+SOgWITFEe/IWU7uhaTCWMUIMATXzEQq6mtPVnmryjrWCmS+iBKBXmOSbt\nVqIKE1IuJArrC72f254S7CHy9ceNh3P3Uc4cqOkz80rHxbYVMuBXA2xdhYSPsxvW\nu3uPhboe61TEge484y0+gpRGArWHYnQPqYOXGwIDAQABAoIBAFnBeFA4bvUqAM6N\nv9h7Gpk4SmT40rEM/9kQerhPHbtu2rV93jPj08oglEJQTIF9mk+fqZGJqEtrOU5m\nXQB+eRiHg4GMA6sl1Lbm5PaNXrYrVKZx4lDdUbn9/eT9NOfcYRm0AFhURk/F4dpx\nqJHYzKNhBNUrf7KGYc63juUpxeHVLjqB8DRAvwU6PrKIofEf+YLhaKJ+YTIbgexR\n1X3iAB1GmLi8AgnEfBd26Jnxz8RZy7cTdfupEcJcfPzIGinUg2QPA6P6BR84NO+N\nvfSqfRmAflKTCrpCz5YRuApynOacyEmcF2HhdZxeBucvs9xi9aBwU3NfV6FfWrGx\n/Sl7OMECgYEA5yzYSxL2Yx2dKCeM08NYpvYTN7hlqQVIc4R4jhEtnqNK4ymKNdyB\nAb477rkQimXNh8csfiU+M51mwg9M5OJBSpZoKhYNWCP2NeRRCwf4EZaozr7lPEIk\nDGpoy/T5XL/fP8gmCFsJJtlESoGWOyEcnbzuscTajBNiudpopDAabKUCgYEA2ESm\nqFByArrqvF+D4uR5oufTBc58rXcIK9ZGrJPSmQQIZWCtiJdaP5SMi16r0iAaIclb\nwn5vn2x7tmNv1tJCfkQrk651n7RmFFMVezFar5WjQtdeSt+5YzViJBO68motuAgG\nUggdWhLC6G1cH1b4Ob2Mx1IzwFH+DAJ2ltNL6L8CgYEAqSRvsSZTrhuJ1EpzyLFC\nWQ7s6rT5dNyPsS24w0GgXlTdwy2umVAX9/2Hflhb2Nc5tWGulTGMvFkrSUvGmCVP\nXlKELl7qLpZJXA8MmQSgpcXVB0g3E4rVM1xcBvbbyNf+cX1xDmYFYS5QwC7mi6bj\neCo3f0woF5tLfe5m59LmUp0CgYEAmF/uSEK9wXyu7OAjTVaK+SN7Q+kTYSivwiss\nCmXwiM0VmU//lHCHLqrcR0oBp3/kyY9Urnlk7h+CHqR65RGptcsUJO5Tg52YGpPb\nW7wPWA0HRY32qqxssyCmsCKSoj/7TGGjCmMbQx5a42ZB9PbS1+Pcb4dUXRmn9BA8\nO9JN9oMCgYEAhwTehbAKxrQ5mpgoil5Dqh/poeiI2inM8A8o0gxMzcTA0MQ6gWzf\nDgUq/yjrzyiP0Lf8/3dKlcahI8IO4k0yL+U+JhM9+yK/s5hV6hVkxc3x9rDiNxqQ\n/bMTPgvPfpQa618RK1uGc7MweIFUcPQxpPzHuwZY9vexL217Fcwb1r4=\n-----END RSA PRIVATE KEY-----\n",
      "type": "string",
      "sensitive": true
    },
    "thing_name": {
      "value": "thing_soybean",
      "type": "string"
    }
  },
  "resources": [
    {
      "mode": "data",
      "type": "archive_file",
      "name": "code",
      "provider": "provider[\"registry.terraform.io/hashicorp/archive\"]",
      "instances": [
        {
          "index_key": 0,
          "schema_version": 0,
          "attributes": {
            "exclude_symlink_directories": null,
            "excludes": null,
            "id": "8f16ea2205aa5f37c0b02463b26033e23b11ce32",
            "output_base64sha256": "Ej8MtDCVp/LE/gDEEsF8O6qAMQ4AOl6cepj8hWCECeI=",
            "output_base64sha512": "hv96k49HvEfRG22QtyFnJHDpUjb/etK66OEgvbavhTDUsrM5+iEFX2Z0YTcd7boiiYiuKm6r7gvJtv8FV0nFTQ==",
            "output_file_mode": null,
            "output_md5": "63b4ed7eb42edf9fef64a44276c08bed",
            "output_path": "src/outputs/raw_to_staged_payload.zip",
            "output_sha": "8f16ea2205aa5f37c0b02463b26033e23b11ce32",
            "output_sha256": "123f0cb43095a7f2c4fe00c412c17c3baa80310e003a5e9c7a98fc85608409e2",
            "output_sha512": "86ff7a938f47bc47d11b6d90b721672470e95236ff7ad2bae8e120bdb6af8530d4b2b339fa21055f667461371dedba228988ae2a6eabee0bc9b6ff055749c54d",
            "output_size": 596,
            "source": [],
            "source_content": null,
            "source_content_filename": null,
            "source_dir": null,
            "source_file": "src/iot/raw_to_staged/raw_to_staged.py",
            "type": "zip"
          },
          "sensitive_attributes": []
        },
        {
          "index_key": 1,
          "schema_version": 0,
          "attributes": {
            "exclude_symlink_directories": null,
            "excludes": null,
            "id": "6b8dcffd2b65b3c628c9fac3356e1e874d07e7cc",
            "output_base64sha256": "ugIJpozF8TkTJ9ZXhp4VBOKLFpTu4IUTjwSxYxDVG+c=",
            "output_base64sha512": "jFu9gpPiFC2XgsX4SwXZx3X65dadkQmbtMeqUsaymAqM5UVfxbnlZ3e/2LWT2IWqwXfck8vVyCy/FHDYY8ExgA==",
            "output_file_mode": null,
            "output_md5": "9b8fc3aaf0db3223dcbb0d9ce9a51c17",
            "output_path": "src/outputs/staged_to_consumed_payload.zip",
            "output_sha": "6b8dcffd2b65b3c628c9fac3356e1e874d07e7cc",
            "output_sha256": "ba0209a68cc5f1391327d657869e1504e28b1694eee085138f04b16310d51be7",
            "output_sha512": "8c5bbd8293e2142d9782c5f84b05d9c775fae5d69d91099bb4c7aa52c6b2980a8ce5455fc5b9e56777bfd8b593d885aac177dc93cbd5c82cbf1470d863c13180",
            "output_size": 1495,
            "source": [],
            "source_content": null,
            "source_content_filename": null,
            "source_dir": null,
            "source_file": "src/iot/staged_to_consumed/staged_to_consumed.py",
            "type": "zip"
          },
          "sensitive_attributes": []
        }
      ]
    },
    {
      "mode": "data",
      "type": "archive_file",
      "name": "layer",
      "provider": "provider[\"registry.terraform.io/hashicorp/archive\"]",
      "instances": [
        {
          "index_key": 0,
          "schema_version": 0,
          "attributes": {
            "exclude_symlink_directories": null,
            "excludes": null,
            "id": "2f817ac95fe3875f8416996f40fd5328d3513fdc",
            "output_base64sha256": "Q4bzJsEOrANwzkJSCerSZH6vhQgFrbdS2GL2ScMLyXs=",
            "output_base64sha512": "RFnwS8TLiKbx69NnKnVJiQlnvoF8mOdFI6t9BKB7tq+1c0eJUTNRpHIt4Ljvx5HrxPpGyWMZt0Xiw+1Jcclt6w==",
            "output_file_mode": null,
            "output_md5": "5c1091a1f382a0e44b9dd48678934d61",
            "output_path": "src/outputs/raw_to_staged_layer.zip",
            "output_sha": "2f817ac95fe3875f8416996f40fd5328d3513fdc",
            "output_sha256": "4386f326c10eac0370ce425209ead2647eaf850805adb752d862f649c30bc97b",
            "output_sha512": "4459f04bc4cb88a6f1ebd3672a7549890967be817c98e74523ab7d04a07bb6afb5734789513351a4722de0b8efc791ebc4fa46c96319b745e2c3ed4971c96deb",
            "output_size": 6677741,
            "source": [],
            "source_content": null,
            "source_content_filename": null,
            "source_dir": "src/iot/layer",
            "source_file": null,
            "type": "zip"
          },
          "sensitive_attributes": []
        },
        {
          "index_key": 1,
          "schema_version": 0,
          "attributes": {
            "exclude_symlink_directories": null,
            "excludes": null,
            "id": "2f817ac95fe3875f8416996f40fd5328d3513fdc",
            "output_base64sha256": "Q4bzJsEOrANwzkJSCerSZH6vhQgFrbdS2GL2ScMLyXs=",
            "output_base64sha512": "RFnwS8TLiKbx69NnKnVJiQlnvoF8mOdFI6t9BKB7tq+1c0eJUTNRpHIt4Ljvx5HrxPpGyWMZt0Xiw+1Jcclt6w==",
            "output_file_mode": null,
            "output_md5": "5c1091a1f382a0e44b9dd48678934d61",
            "output_path": "src/outputs/staged_to_consumed_layer.zip",
            "output_sha": "2f817ac95fe3875f8416996f40fd5328d3513fdc",
            "output_sha256": "4386f326c10eac0370ce425209ead2647eaf850805adb752d862f649c30bc97b",
            "output_sha512": "4459f04bc4cb88a6f1ebd3672a7549890967be817c98e74523ab7d04a07bb6afb5734789513351a4722de0b8efc791ebc4fa46c96319b745e2c3ed4971c96deb",
            "output_size": 6677741,
            "source": [],
            "source_content": null,
            "source_content_filename": null,
            "source_dir": "src/iot/layer",
            "source_file": null,
            "type": "zip"
          },
          "sensitive_attributes": []
        }
      ]
    },
    {
      "mode": "data",
      "type": "aws_arn",
      "name": "thing",
      "provider": "provider[\"registry.terraform.io/hashicorp/aws\"]",
      "instances": [
        {
          "schema_version": 0,
          "attributes": {
            "account": "479480645395",
            "arn": "arn:aws:iot:us-east-1:479480645395:thing/thing_soybean",
            "id": "arn:aws:iot:us-east-1:479480645395:thing/thing_soybean",
            "partition": "aws",
            "region": "us-east-1",
            "resource": "thing/thing_soybean",
            "service": "iot"
          },
          "sensitive_attributes": []
        }
      ]
    },
    {
      "mode": "data",
      "type": "aws_iot_endpoint",
      "name": "iot_endpoint",
      "provider": "provider[\"registry.terraform.io/hashicorp/aws\"]",
      "instances": [
        {
          "schema_version": 0,
          "attributes": {
            "endpoint_address": "avmwwh3k35ofh-ats.iot.us-east-1.amazonaws.com",
            "endpoint_type": "iot:Data-ATS",
            "id": "avmwwh3k35ofh-ats.iot.us-east-1.amazonaws.com"
          },
          "sensitive_attributes": []
        }
      ]
    },
    {
      "mode": "data",
      "type": "http",
      "name": "root_ca",
      "provider": "provider[\"registry.terraform.io/hashicorp/http\"]",
      "instances": [
        {
          "schema_version": 0,
          "attributes": {
            "body": "-----BEGIN CERTIFICATE-----\nMIIDQTCCAimgAwIBAgITBmyfz5m/jAo54vB4ikPmljZbyjANBgkqhkiG9w0BAQsF\nADA5MQswCQYDVQQGEwJVUzEPMA0GA1UEChMGQW1hem9uMRkwFwYDVQQDExBBbWF6\nb24gUm9vdCBDQSAxMB4XDTE1MDUyNjAwMDAwMFoXDTM4MDExNzAwMDAwMFowOTEL\nMAkGA1UEBhMCVVMxDzANBgNVBAoTBkFtYXpvbjEZMBcGA1UEAxMQQW1hem9uIFJv\nb3QgQ0EgMTCCASIwDQYJKoZIhvcNAQEBBQADggEPADCCAQoCggEBALJ4gHHKeNXj\nca9HgFB0fW7Y14h29Jlo91ghYPl0hAEvrAIthtOgQ3pOsqTQNroBvo3bSMgHFzZM\n9O6II8c+6zf1tRn4SWiw3te5djgdYZ6k/oI2peVKVuRF4fn9tBb6dNqcmzU5L/qw\nIFAGbHrQgLKm+a/sRxmPUDgH3KKHOVj4utWp+UhnMJbulHheb4mjUcAwhmahRWa6\nVOujw5H5SNz/0egwLX0tdHA114gk957EWW67c4cX8jJGKLhD+rcdqsq08p8kDi1L\n93FcXmn/6pUCyziKrlA4b9v7LWIbxcceVOF34GfID5yHI9Y/QCB/IIDEgEw+OyQm\njgSubJrIqg0CAwEAAaNCMEAwDwYDVR0TAQH/BAUwAwEB/zAOBgNVHQ8BAf8EBAMC\nAYYwHQYDVR0OBBYEFIQYzIU07LwMlJQuCFmcx7IQTgoIMA0GCSqGSIb3DQEBCwUA\nA4IBAQCY8jdaQZChGsV2USggNiMOruYou6r4lK5IpDB/G/wkjUu0yKGX9rbxenDI\nU5PMCCjjmCXPI6T53iHTfIUJrU6adTrCC2qJeHZERxhlbI1Bjjt/msv0tadQ1wUs\nN+gDS63pYaACbvXy8MWy7Vu33PqUXHeeE6V/Uq2V8viTO96LXFvKWlJbYK8U90vv\no/ufQJVtMVT8QtPHRh8jrdkPSHCa2XV4cdFyQzR1bldZwgJcJmApzyMZFo6IQ6XU\n5MsI+yMRQ+hDKXJioaldXgjUkK642M4UwtBV8ob2xJNDd2ZhwLnoQdeXeGADbkpy\nrqXRfboQnoZsG4q5WTP468SQvvG5\n-----END CERTIFICATE-----\n",
            "ca_cert_pem": null,
            "id": "https://www.amazontrust.com/repository/AmazonRootCA1.pem",
            "insecure": null,
            "method": null,
            "request_body": null,
            "request_headers": null,
            "request_timeout_ms": null,
            "response_body": "-----BEGIN CERTIFICATE-----\nMIIDQTCCAimgAwIBAgITBmyfz5m/jAo54vB4ikPmljZbyjANBgkqhkiG9w0BAQsF\nADA5MQswCQYDVQQGEwJVUzEPMA0GA1UEChMGQW1hem9uMRkwFwYDVQQDExBBbWF6\nb24gUm9vdCBDQSAxMB4XDTE1MDUyNjAwMDAwMFoXDTM4MDExNzAwMDAwMFowOTEL\nMAkGA1UEBhMCVVMxDzANBgNVBAoTBkFtYXpvbjEZMBcGA1UEAxMQQW1hem9uIFJv\nb3QgQ0EgMTCCASIwDQYJKoZIhvcNAQEBBQADggEPADCCAQoCggEBALJ4gHHKeNXj\nca9HgFB0fW7Y14h29Jlo91ghYPl0hAEvrAIthtOgQ3pOsqTQNroBvo3bSMgHFzZM\n9O6II8c+6zf1tRn4SWiw3te5djgdYZ6k/oI2peVKVuRF4fn9tBb6dNqcmzU5L/qw\nIFAGbHrQgLKm+a/sRxmPUDgH3KKHOVj4utWp+UhnMJbulHheb4mjUcAwhmahRWa6\nVOujw5H5SNz/0egwLX0tdHA114gk957EWW67c4cX8jJGKLhD+rcdqsq08p8kDi1L\n93FcXmn/6pUCyziKrlA4b9v7LWIbxcceVOF34GfID5yHI9Y/QCB/IIDEgEw+OyQm\njgSubJrIqg0CAwEAAaNCMEAwDwYDVR0TAQH/BAUwAwEB/zAOBgNVHQ8BAf8EBAMC\nAYYwHQYDVR0OBBYEFIQYzIU07LwMlJQuCFmcx7IQTgoIMA0GCSqGSIb3DQEBCwUA\nA4IBAQCY8jdaQZChGsV2USggNiMOruYou6r4lK5IpDB/G/wkjUu0yKGX9rbxenDI\nU5PMCCjjmCXPI6T53iHTfIUJrU6adTrCC2qJeHZERxhlbI1Bjjt/msv0tadQ1wUs\nN+gDS63pYaACbvXy8MWy7Vu33PqUXHeeE6V/Uq2V8viTO96LXFvKWlJbYK8U90vv\no/ufQJVtMVT8QtPHRh8jrdkPSHCa2XV4cdFyQzR1bldZwgJcJmApzyMZFo6IQ6XU\n5MsI+yMRQ+hDKXJioaldXgjUkK642M4UwtBV8ob2xJNDd2ZhwLnoQdeXeGADbkpy\nrqXRfboQnoZsG4q5WTP468SQvvG5\n-----END CERTIFICATE-----\n",
            "response_body_base64": "LS0tLS1CRUdJTiBDRVJUSUZJQ0FURS0tLS0tCk1JSURRVENDQWltZ0F3SUJBZ0lUQm15Zno1bS9qQW81NHZCNGlrUG1salpieWpBTkJna3Foa2lHOXcwQkFRc0YKQURBNU1Rc3dDUVlEVlFRR0V3SlZVekVQTUEwR0ExVUVDaE1HUVcxaGVtOXVNUmt3RndZRFZRUURFeEJCYldGNgpiMjRnVW05dmRDQkRRU0F4TUI0WERURTFNRFV5TmpBd01EQXdNRm9YRFRNNE1ERXhOekF3TURBd01Gb3dPVEVMCk1Ba0dBMVVFQmhNQ1ZWTXhEekFOQmdOVkJBb1RCa0Z0WVhwdmJqRVpNQmNHQTFVRUF4TVFRVzFoZW05dUlGSnYKYjNRZ1EwRWdNVENDQVNJd0RRWUpLb1pJaHZjTkFRRUJCUUFEZ2dFUEFEQ0NBUW9DZ2dFQkFMSjRnSEhLZU5YagpjYTlIZ0ZCMGZXN1kxNGgyOUpsbzkxZ2hZUGwwaEFFdnJBSXRodE9nUTNwT3NxVFFOcm9Cdm8zYlNNZ0hGelpNCjlPNklJOGMrNnpmMXRSbjRTV2l3M3RlNWRqZ2RZWjZrL29JMnBlVktWdVJGNGZuOXRCYjZkTnFjbXpVNUwvcXcKSUZBR2JIclFnTEttK2Evc1J4bVBVRGdIM0tLSE9WajR1dFdwK1Vobk1KYnVsSGhlYjRtalVjQXdobWFoUldhNgpWT3VqdzVINVNOei8wZWd3TFgwdGRIQTExNGdrOTU3RVdXNjdjNGNYOGpKR0tMaEQrcmNkcXNxMDhwOGtEaTFMCjkzRmNYbW4vNnBVQ3l6aUtybEE0Yjl2N0xXSWJ4Y2NlVk9GMzRHZklENXlISTlZL1FDQi9JSURFZ0V3K095UW0KamdTdWJKcklxZzBDQXdFQUFhTkNNRUF3RHdZRFZSMFRBUUgvQkFVd0F3RUIvekFPQmdOVkhROEJBZjhFQkFNQwpBWVl3SFFZRFZSME9CQllFRklRWXpJVTA3THdNbEpRdUNGbWN4N0lRVGdvSU1BMEdDU3FHU0liM0RRRUJDd1VBCkE0SUJBUUNZOGpkYVFaQ2hHc1YyVVNnZ05pTU9ydVlvdTZyNGxLNUlwREIvRy93a2pVdTB5S0dYOXJieGVuREkKVTVQTUNDamptQ1hQSTZUNTNpSFRmSVVKclU2YWRUckNDMnFKZUhaRVJ4aGxiSTFCamp0L21zdjB0YWRRMXdVcwpOK2dEUzYzcFlhQUNidlh5OE1XeTdWdTMzUHFVWEhlZUU2Vi9VcTJWOHZpVE85NkxYRnZLV2xKYllLOFU5MHZ2Cm8vdWZRSlZ0TVZUOFF0UEhSaDhqcmRrUFNIQ2EyWFY0Y2RGeVF6UjFibGRad2dKY0ptQXB6eU1aRm82SVE2WFUKNU1zSSt5TVJRK2hES1hKaW9hbGRYZ2pVa0s2NDJNNFV3dEJWOG9iMnhKTkRkMlpod0xub1FkZVhlR0FEYmtweQpycVhSZmJvUW5vWnNHNHE1V1RQNDY4U1F2dkc1Ci0tLS0tRU5EIENFUlRJRklDQVRFLS0tLS0K",
            "response_headers": {
              "Age": "4742481",
              "Cache-Control": "max-age=31556952, public",
              "Connection": "keep-alive",
              "Content-Length": "1188",
              "Content-Type": "text/plain; charset=US-ASCII",
              "Date": "Thu, 28 Sep 2023 03:08:12 GMT",
              "Etag": "\"7095142f080d1d25221eec161ff14223\"",
              "Last-Modified": "Tue, 16 May 2023 23:46:54 GMT",
              "Server": "AmazonS3",
              "Via": "1.1 10c1976bc3763e6e99fbf98f4eae8e1c.cloudfront.net (CloudFront)",
              "X-Amz-Cf-Id": "3uIqBd0Vn92fgDbMQjSXmSTUs5afaaNNbAI7x9L-0RQCHzlwQi7E9w==",
              "X-Amz-Cf-Pop": "GRU1-P1",
              "X-Amz-Version-Id": "EjSqvzLeybkUJ6ps3XoPDJxhfjWVbUP1",
              "X-Cache": "Hit from cloudfront"
            },
            "retry": null,
            "status_code": 200,
            "url": "https://www.amazontrust.com/repository/AmazonRootCA1.pem"
          },
          "sensitive_attributes": []
        }
      ]
    },
    {
      "mode": "managed",
      "type": "aws_db_instance",
      "name": "default",
      "provider": "provider[\"registry.terraform.io/hashicorp/aws\"]",
      "instances": [
        {
          "schema_version": 1,
          "attributes": {
            "address": "terraform-20231122001505683200000001.cpwc9uwxfpfh.us-east-1.rds.amazonaws.com",
            "allocated_storage": 10,
            "allow_major_version_upgrade": null,
            "apply_immediately": false,
            "arn": "arn:aws:rds:us-east-1:479480645395:db:terraform-20231122001505683200000001",
            "auto_minor_version_upgrade": true,
            "availability_zone": "us-east-1a",
            "backup_retention_period": 0,
            "backup_window": "07:27-07:57",
            "ca_cert_identifier": "rds-ca-2019",
            "character_set_name": "",
            "copy_tags_to_snapshot": false,
            "customer_owned_ip_enabled": false,
            "db_subnet_group_name": "main",
            "delete_automated_backups": true,
            "deletion_protection": false,
            "domain": "",
            "domain_iam_role_name": "",
            "enabled_cloudwatch_logs_exports": [],
            "endpoint": "terraform-20231122001505683200000001.cpwc9uwxfpfh.us-east-1.rds.amazonaws.com:3306",
            "engine": "mysql",
            "engine_version": "8.0",
            "engine_version_actual": "8.0.33",
            "final_snapshot_identifier": null,
            "hosted_zone_id": "Z2R2ITUGPM61AM",
            "iam_database_authentication_enabled": false,
            "id": "terraform-20231122001505683200000001",
            "identifier": "terraform-20231122001505683200000001",
            "identifier_prefix": null,
            "instance_class": "db.t2.micro",
            "iops": 0,
            "kms_key_id": "",
            "latest_restorable_time": "0001-01-01T00:00:00Z",
            "license_model": "general-public-license",
            "maintenance_window": "tue:05:05-tue:05:35",
            "max_allocated_storage": 0,
            "monitoring_interval": 0,
            "monitoring_role_arn": "",
            "multi_az": false,
            "name": "soybean_db_instance",
            "nchar_character_set_name": "",
            "option_group_name": "default:mysql-8-0",
            "parameter_group_name": "default.mysql8.0",
            "password": "soybean123",
            "performance_insights_enabled": false,
            "performance_insights_kms_key_id": "",
            "performance_insights_retention_period": 0,
            "port": 3306,
            "publicly_accessible": true,
            "replica_mode": "",
            "replicas": [],
            "replicate_source_db": "",
            "resource_id": "db-O6H5STB4ZU662L4LXBTAGVNAMI",
            "restore_to_point_in_time": [],
            "s3_import": [],
            "security_group_names": [],
            "skip_final_snapshot": true,
            "snapshot_identifier": null,
            "status": "available",
            "storage_encrypted": false,
            "storage_type": "gp2",
            "tags": {
              "Name": "soybean-db-instance",
              "name": "soybean-db-instance"
            },
            "tags_all": {
              "Name": "soybean-db-instance",
              "name": "soybean-db-instance"
            },
            "timeouts": null,
            "timezone": "",
            "username": "soybean",
            "vpc_security_group_ids": [
              "sg-0be5b2df047a8ef30"
            ]
          },
          "sensitive_attributes": [],
          "private": "eyJlMmJmYjczMC1lY2FhLTExZTYtOGY4OC0zNDM2M2JjN2M0YzAiOnsiY3JlYXRlIjoyNDAwMDAwMDAwMDAwLCJkZWxldGUiOjM2MDAwMDAwMDAwMDAsInVwZGF0ZSI6NDgwMDAwMDAwMDAwMH0sInNjaGVtYV92ZXJzaW9uIjoiMSJ9",
          "dependencies": [
            "aws_db_subnet_group.default",
            "aws_subnet.public_subnets",
            "aws_vpc.main"
          ]
        }
      ]
    },
    {
      "mode": "managed",
      "type": "aws_db_subnet_group",
      "name": "default",
      "provider": "provider[\"registry.terraform.io/hashicorp/aws\"]",
      "instances": [
        {
          "schema_version": 0,
          "attributes": {
            "arn": "arn:aws:rds:us-east-1:479480645395:subgrp:main",
            "description": "Managed by Terraform",
            "id": "main",
            "name": "main",
            "name_prefix": null,
            "subnet_ids": [
              "subnet-08b9cf21f8766e4f5",
              "subnet-0b418a16e56db1e9e"
            ],
            "tags": {
              "Name": "My DB subnet group"
            },
            "tags_all": {
              "Name": "My DB subnet group"
            }
          },
          "sensitive_attributes": [],
          "private": "bnVsbA==",
          "dependencies": [
            "aws_subnet.public_subnets",
            "aws_vpc.main"
          ]
        }
      ]
    },
    {
      "mode": "managed",
      "type": "aws_internet_gateway",
      "name": "gw",
      "provider": "provider[\"registry.terraform.io/hashicorp/aws\"]",
      "instances": [
        {
          "schema_version": 0,
          "attributes": {
            "arn": "arn:aws:ec2:us-east-1:479480645395:internet-gateway/igw-0750e0837b625fd52",
            "id": "igw-0750e0837b625fd52",
            "owner_id": "479480645395",
            "tags": {
              "Name": "Project VPC IG"
            },
            "tags_all": {
              "Name": "Project VPC IG"
            },
            "vpc_id": "vpc-059cd202fff3f79a3"
          },
          "sensitive_attributes": [],
          "private": "bnVsbA==",
          "dependencies": [
            "aws_vpc.main"
          ]
        }
      ]
    },
    {
      "mode": "managed",
      "type": "aws_iot_certificate",
      "name": "cert",
      "provider": "provider[\"registry.terraform.io/hashicorp/aws\"]",
      "instances": [
        {
          "schema_version": 0,
          "attributes": {
            "active": true,
            "arn": "arn:aws:iot:us-east-1:479480645395:cert/0a3f85d5ab0579a6cf55d6f9b847ce161feceaf2271f7bbfea47ef6da45d1910",
            "certificate_pem": "-----BEGIN CERTIFICATE-----\nMIIDWjCCAkKgAwIBAgIVANgzvAJYvaPKtGrFJApizstIdLVFMA0GCSqGSIb3DQEB\nCwUAME0xSzBJBgNVBAsMQkFtYXpvbiBXZWIgU2VydmljZXMgTz1BbWF6b24uY29t\nIEluYy4gTD1TZWF0dGxlIFNUPVdhc2hpbmd0b24gQz1VUzAeFw0yMzExMjEyMzU4\nMjRaFw00OTEyMzEyMzU5NTlaMB4xHDAaBgNVBAMME0FXUyBJb1QgQ2VydGlmaWNh\ndGUwggEiMA0GCSqGSIb3DQEBAQUAA4IBDwAwggEKAoIBAQC6d63opQz/U//yahCm\nb7dL2gQmY9iBmHXFv1vgEOxF+xike80gQ5mZWXBtNQ4U4yy1E1/kE77tqwbiowmG\n+FMs2ohfvPr3jCD07RTdeTOtm2PFdf5/8YfZyRdpX0J/geaWfQkoVWXJ31vm6P2P\nb8eqS80s1nRszeIZs9gMfln+fxlmc7XzKxu3iZBCG6FjiGePhrFNzAPs0/UTk5kJ\n9rNiEjGNYQPYedZHiC9gmyNGkesXIBqwBxgTEJMN8JXAzS2NJfRgKV+OdDqjlC0i\nOk2TFaxCbOPAobAC4xA9hyNdXL1rnn6XrGkbYuHeq0Np/bXzETqg7o78nvnNQmYT\njzblAgMBAAGjYDBeMB8GA1UdIwQYMBaAFOrjt4VATKf6ojcwo+ZPoqnc2uf5MB0G\nA1UdDgQWBBQmZDFdiOsdoR6vP5ajDWsTzK5RHDAMBgNVHRMBAf8EAjAAMA4GA1Ud\nDwEB/wQEAwIHgDANBgkqhkiG9w0BAQsFAAOCAQEAq1ZQ8fivQF5UFoojoqWHR7pG\nS54Uga6ZS9UY00IXtgMQbfluKoGONdmp6MVWtF+ynZVXEKoCiZy+QFDmTiFGZTME\no5HmxwiPcg/XjC867PWwOzBWMBFVLrMxEJFGKAfmFLZ4DrH4S6VFxH+aQwh7oY55\nJLu8zsb64gGufyVO7gasKK5t2qYTD/e23m1UEE5lPcLyr/QZY+y0AA48SZ4Xt6Cq\nyHRVod+tod7qDwfFggZt6BuyIBimjRX+CFn1uLYhyIQFGjA/owd/mDvXMcqm569l\n7CDNXnpwXKq25pn+DbPrbTcOotCpGXDuVamyjxuRBKDJQzpdwZcfYfvcM1l52w==\n-----END CERTIFICATE-----\n",
            "csr": null,
            "id": "0a3f85d5ab0579a6cf55d6f9b847ce161feceaf2271f7bbfea47ef6da45d1910",
            "private_key": "-----BEGIN RSA PRIVATE KEY-----\nMIIEogIBAAKCAQEAunet6KUM/1P/8moQpm+3S9oEJmPYgZh1xb9b4BDsRfsYpHvN\nIEOZmVlwbTUOFOMstRNf5BO+7asG4qMJhvhTLNqIX7z694wg9O0U3XkzrZtjxXX+\nf/GH2ckXaV9Cf4Hmln0JKFVlyd9b5uj9j2/HqkvNLNZ0bM3iGbPYDH5Z/n8ZZnO1\n8ysbt4mQQhuhY4hnj4axTcwD7NP1E5OZCfazYhIxjWED2HnWR4gvYJsjRpHrFyAa\nsAcYExCTDfCVwM0tjSX0YClfjnQ6o5QtIjpNkxWsQmzjwKGwAuMQPYcjXVy9a55+\nl6xpG2Lh3qtDaf218xE6oO6O/J75zUJmE4825QIDAQABAoIBAGcoyOS5Uzx6m1Hg\njf+WNKDZJ4yZlnD0CMvy9wA6PIzmwpZVC4G7BGILUiCIxpaVq+kto9JJfkp8YN3H\ndwDdpx5cdDALHAkR1DXMZ8uzPvzfx825Xqgn1pGNJ8+a7O4fzpMY75UJ0btiP7S6\n13SgUaUMNKGGr3h2Woz/qxoWWPFrK79lr48nA93tXuO1oLojUjVjolEj3sNSxy5G\ngwYUhDe2QWRxV/XCgj6QieSv4dj8x686mNDhf2ebogCMi+cj0JmDDOxBP4ehQY/V\ncg9FiB5Ym16bbeebwUhoX0kQmdZyBMz/XBTSl5I94Vsj1QEOKBImMEpiz4rscoSn\nFzYsce0CgYEA3FxqJM4koISHDXIo2bRWPyaF6nfK8NVnIwPwAA9ARxhXd5rX48zR\nzlStgLHrDlKmAKa8jEgk4r7S+96YKmqak8KSd+jwU0Uo1kLOl9WIWhX6YPhhQlCD\nWj5+j2aO5RI7TSRJOdV2RGaTKKQmiTFURgzziYVBjiBhLnBq06lT+uMCgYEA2J/5\nt0t1sbyOx77SjxZfqWIQP7BHC/5/OWiDqr1qL7vZJnOOysXNLzhDMuDc3wYpd10T\nbIvc3k/rTs+5tm31fDDGdh9/2rFZgU4abrUwe7gEGghBVKqpRPC6rJ69MgHtHfUw\nDRHPI5eFOpg9rny7pVFqattqZKaxbKgeeCzuyZcCgYBhgz+xQ8uvgJXm3FK5a/US\ngvCVvib/BeBa/V4SGK2gCGSEV/AbLULWpGAW6CSVNPuipCYhibdQ45KnxGvfsUbw\nBhUcnObkYmFc1zlmtSZefwVKLf+UAd7ua2ND/+VR9wxo6ZrBzfVE9YM/Y8xtv3eE\nfCy0+VP2GdwHWdXcDj1McwKBgCfvhifmf3Ie4uusIEFEzKn7bCdxpgduCaJZxDxL\n4zGdnfDayO5U/PjBlJHippVvG2HoBNa0Cinp7eV/oishpmoYy92m/PkiTO/rqC/U\ns3V7fTYXY4PqWn5dKuz77sEzXbVyKEOgjuFu457jxitOz4Ewuz+r57dai8cOT1+0\nWOlNAoGAVAo0CE5tXYZ1WfrbgsjjFHB/zh5uFOlADzmb1XtZS+uS1hBWY/ocWoew\n31GT9Qe7sbpBQRjsz4dzp6Lt9nwl0ZyA/UZsQbkN8iXNBngQ6GlaZ1sM0QLUI3x9\nMbtQmTczAuma3l+5aVAOWhGYuaiyqoU4qY/3vsXQmNQk2nBUN2A=\n-----END RSA PRIVATE KEY-----\n",
            "public_key": "-----BEGIN PUBLIC KEY-----\nMIIBIjANBgkqhkiG9w0BAQEFAAOCAQ8AMIIBCgKCAQEAunet6KUM/1P/8moQpm+3\nS9oEJmPYgZh1xb9b4BDsRfsYpHvNIEOZmVlwbTUOFOMstRNf5BO+7asG4qMJhvhT\nLNqIX7z694wg9O0U3XkzrZtjxXX+f/GH2ckXaV9Cf4Hmln0JKFVlyd9b5uj9j2/H\nqkvNLNZ0bM3iGbPYDH5Z/n8ZZnO18ysbt4mQQhuhY4hnj4axTcwD7NP1E5OZCfaz\nYhIxjWED2HnWR4gvYJsjRpHrFyAasAcYExCTDfCVwM0tjSX0YClfjnQ6o5QtIjpN\nkxWsQmzjwKGwAuMQPYcjXVy9a55+l6xpG2Lh3qtDaf218xE6oO6O/J75zUJmE482\n5QIDAQAB\n-----END PUBLIC KEY-----\n"
          },
          "sensitive_attributes": [],
          "private": "bnVsbA=="
        }
      ]
    },
    {
      "mode": "managed",
      "type": "aws_iot_policy",
      "name": "policy",
      "provider": "provider[\"registry.terraform.io/hashicorp/aws\"]",
      "instances": [
        {
          "schema_version": 0,
          "attributes": {
            "arn": "arn:aws:iot:us-east-1:479480645395:policy/thingpolicy",
            "default_version_id": "1",
            "id": "thingpolicy",
            "name": "thingpolicy",
            "policy": "{\"Statement\":[{\"Action\":[\"*\"],\"Effect\":\"Allow\",\"Resource\":\"*\"}],\"Version\":\"2012-10-17\"}"
          },
          "sensitive_attributes": [],
          "private": "bnVsbA=="
        }
      ]
    },
    {
      "mode": "managed",
      "type": "aws_iot_policy_attachment",
      "name": "attachment",
      "provider": "provider[\"registry.terraform.io/hashicorp/aws\"]",
      "instances": [
        {
          "schema_version": 0,
          "attributes": {
            "id": "thingpolicy|arn:aws:iot:us-east-1:479480645395:cert/0a3f85d5ab0579a6cf55d6f9b847ce161feceaf2271f7bbfea47ef6da45d1910",
            "policy": "thingpolicy",
            "target": "arn:aws:iot:us-east-1:479480645395:cert/0a3f85d5ab0579a6cf55d6f9b847ce161feceaf2271f7bbfea47ef6da45d1910"
          },
          "sensitive_attributes": [],
          "private": "bnVsbA==",
          "dependencies": [
            "aws_iot_certificate.cert",
            "aws_iot_policy.policy"
          ]
        }
      ]
    },
    {
      "mode": "managed",
      "type": "aws_iot_thing",
      "name": "thing",
      "provider": "provider[\"registry.terraform.io/hashicorp/aws\"]",
      "instances": [
        {
          "schema_version": 0,
          "attributes": {
            "arn": "arn:aws:iot:us-east-1:479480645395:thing/thing_soybean",
            "attributes": {},
            "default_client_id": "thing_soybean",
            "id": "thing_soybean",
            "name": "thing_soybean",
            "thing_type_name": "",
            "version": 1
          },
          "sensitive_attributes": [],
          "private": "bnVsbA=="
        }
      ]
    },
    {
      "mode": "managed",
      "type": "aws_iot_thing_principal_attachment",
      "name": "attachment",
      "provider": "provider[\"registry.terraform.io/hashicorp/aws\"]",
      "instances": [
        {
          "schema_version": 0,
          "attributes": {
            "id": "thing_soybean|arn:aws:iot:us-east-1:479480645395:cert/0a3f85d5ab0579a6cf55d6f9b847ce161feceaf2271f7bbfea47ef6da45d1910",
            "principal": "arn:aws:iot:us-east-1:479480645395:cert/0a3f85d5ab0579a6cf55d6f9b847ce161feceaf2271f7bbfea47ef6da45d1910",
            "thing": "thing_soybean"
          },
          "sensitive_attributes": [],
          "private": "bnVsbA==",
          "dependencies": [
            "aws_iot_certificate.cert",
            "aws_iot_thing.thing"
          ]
        }
      ]
    },
    {
      "mode": "managed",
      "type": "aws_lambda_function",
      "name": "lambda",
      "provider": "provider[\"registry.terraform.io/hashicorp/aws\"]",
      "instances": [
        {
          "index_key": 0,
          "schema_version": 0,
          "attributes": {
            "architectures": [
              "x86_64"
            ],
            "arn": "arn:aws:lambda:us-east-1:479480645395:function:raw_to_staged",
            "code_signing_config_arn": "",
            "dead_letter_config": [],
            "description": "",
            "environment": [
              {
                "variables": {
                  "HOST_BD": "terraform-20231122001505683200000001.cpwc9uwxfpfh.us-east-1.rds.amazonaws.com",
                  "PASS_BD": "soybean123",
                  "USER_BD": "soybean"
                }
              }
            ],
            "file_system_config": [],
            "filename": "src/outputs/raw_to_staged_payload.zip",
            "function_name": "raw_to_staged",
            "handler": "raw_to_staged.main",
            "id": "raw_to_staged",
            "image_config": [],
            "image_uri": "",
            "invoke_arn": "arn:aws:apigateway:us-east-1:lambda:path/2015-03-31/functions/arn:aws:lambda:us-east-1:479480645395:function:raw_to_staged/invocations",
            "kms_key_arn": "",
            "last_modified": "2023-11-22T00:30:05.000+0000",
            "layers": [
              "arn:aws:lambda:us-east-1:336392948345:layer:AWSSDKPandas-Python39:2",
              "arn:aws:lambda:us-east-1:479480645395:layer:lambda_layer_name:1"
            ],
            "memory_size": 512,
            "package_type": "Zip",
            "publish": false,
            "qualified_arn": "arn:aws:lambda:us-east-1:479480645395:function:raw_to_staged:$LATEST",
            "reserved_concurrent_executions": -1,
            "role": "arn:aws:iam::479480645395:role/LabRole",
            "runtime": "python3.9",
            "s3_bucket": null,
            "s3_key": null,
            "s3_object_version": null,
            "signing_job_arn": "",
            "signing_profile_version_arn": "",
            "source_code_hash": "Ej8MtDCVp/LE/gDEEsF8O6qAMQ4AOl6cepj8hWCECeI=",
            "source_code_size": 596,
            "tags": {},
            "tags_all": {},
            "timeout": 180,
            "timeouts": null,
            "tracing_config": [
              {
                "mode": "PassThrough"
              }
            ],
            "version": "$LATEST",
            "vpc_config": []
          },
          "sensitive_attributes": [],
          "private": "eyJlMmJmYjczMC1lY2FhLTExZTYtOGY4OC0zNDM2M2JjN2M0YzAiOnsiY3JlYXRlIjo2MDAwMDAwMDAwMDB9fQ==",
          "dependencies": [
            "aws_lambda_layer_version.this",
            "data.archive_file.code"
          ]
        },
        {
          "index_key": 1,
          "schema_version": 0,
          "attributes": {
            "architectures": [
              "x86_64"
            ],
            "arn": "arn:aws:lambda:us-east-1:479480645395:function:staged_to_consumed",
            "code_signing_config_arn": "",
            "dead_letter_config": [],
            "description": "",
            "environment": [
              {
                "variables": {
                  "HOST_BD": "terraform-20231122001505683200000001.cpwc9uwxfpfh.us-east-1.rds.amazonaws.com",
                  "PASS_BD": "soybean123",
                  "USER_BD": "soybean"
                }
              }
            ],
            "file_system_config": [],
            "filename": "src/outputs/staged_to_consumed_payload.zip",
            "function_name": "staged_to_consumed",
            "handler": "staged_to_consumed.main",
            "id": "staged_to_consumed",
            "image_config": [],
            "image_uri": "",
            "invoke_arn": "arn:aws:apigateway:us-east-1:lambda:path/2015-03-31/functions/arn:aws:lambda:us-east-1:479480645395:function:staged_to_consumed/invocations",
            "kms_key_arn": "",
            "last_modified": "2023-11-22T00:30:05.000+0000",
            "layers": [
              "arn:aws:lambda:us-east-1:336392948345:layer:AWSSDKPandas-Python39:2",
              "arn:aws:lambda:us-east-1:479480645395:layer:lambda_layer_name:2"
            ],
            "memory_size": 512,
            "package_type": "Zip",
            "publish": false,
            "qualified_arn": "arn:aws:lambda:us-east-1:479480645395:function:staged_to_consumed:$LATEST",
            "reserved_concurrent_executions": -1,
            "role": "arn:aws:iam::479480645395:role/LabRole",
            "runtime": "python3.9",
            "s3_bucket": null,
            "s3_key": null,
            "s3_object_version": null,
            "signing_job_arn": "",
            "signing_profile_version_arn": "",
            "source_code_hash": "ugIJpozF8TkTJ9ZXhp4VBOKLFpTu4IUTjwSxYxDVG+c=",
            "source_code_size": 1495,
            "tags": {},
            "tags_all": {},
            "timeout": 180,
            "timeouts": null,
            "tracing_config": [
              {
                "mode": "PassThrough"
              }
            ],
            "version": "$LATEST",
            "vpc_config": []
          },
          "sensitive_attributes": [],
          "private": "eyJlMmJmYjczMC1lY2FhLTExZTYtOGY4OC0zNDM2M2JjN2M0YzAiOnsiY3JlYXRlIjo2MDAwMDAwMDAwMDB9fQ==",
          "dependencies": [
            "aws_lambda_layer_version.this",
            "data.archive_file.code"
          ]
        }
      ]
    },
    {
      "mode": "managed",
      "type": "aws_lambda_layer_version",
      "name": "this",
      "provider": "provider[\"registry.terraform.io/hashicorp/aws\"]",
      "instances": [
        {
          "index_key": 0,
          "schema_version": 0,
          "attributes": {
            "arn": "arn:aws:lambda:us-east-1:479480645395:layer:lambda_layer_name:1",
            "compatible_architectures": [
              "x86_64"
            ],
            "compatible_runtimes": [
              "python3.9"
            ],
            "created_date": "2023-11-22T00:00:40.252+0000",
            "description": "",
            "filename": "src/outputs/raw_to_staged_layer.zip",
            "id": "arn:aws:lambda:us-east-1:479480645395:layer:lambda_layer_name:1",
            "layer_arn": "arn:aws:lambda:us-east-1:479480645395:layer:lambda_layer_name",
            "layer_name": "lambda_layer_name",
            "license_info": "",
            "s3_bucket": null,
            "s3_key": null,
            "s3_object_version": null,
            "signing_job_arn": "",
            "signing_profile_version_arn": "",
            "skip_destroy": false,
            "source_code_hash": "Q4bzJsEOrANwzkJSCerSZH6vhQgFrbdS2GL2ScMLyXs=",
            "source_code_size": 6677741,
            "version": "1"
          },
          "sensitive_attributes": [],
          "private": "bnVsbA==",
          "dependencies": [
            "data.archive_file.layer"
          ]
        },
        {
          "index_key": 1,
          "schema_version": 0,
          "attributes": {
            "arn": "arn:aws:lambda:us-east-1:479480645395:layer:lambda_layer_name:2",
            "compatible_architectures": [
              "x86_64"
            ],
            "compatible_runtimes": [
              "python3.9"
            ],
            "created_date": "2023-11-22T00:00:57.577+0000",
            "description": "",
            "filename": "src/outputs/staged_to_consumed_layer.zip",
            "id": "arn:aws:lambda:us-east-1:479480645395:layer:lambda_layer_name:2",
            "layer_arn": "arn:aws:lambda:us-east-1:479480645395:layer:lambda_layer_name",
            "layer_name": "lambda_layer_name",
            "license_info": "",
            "s3_bucket": null,
            "s3_key": null,
            "s3_object_version": null,
            "signing_job_arn": "",
            "signing_profile_version_arn": "",
            "skip_destroy": false,
            "source_code_hash": "Q4bzJsEOrANwzkJSCerSZH6vhQgFrbdS2GL2ScMLyXs=",
            "source_code_size": 6677741,
            "version": "2"
          },
          "sensitive_attributes": [],
          "private": "bnVsbA==",
          "dependencies": [
            "data.archive_file.layer"
          ]
        }
      ]
    },
    {
      "mode": "managed",
      "type": "aws_lambda_permission",
      "name": "allow_bucket",
      "provider": "provider[\"registry.terraform.io/hashicorp/aws\"]",
      "instances": [
        {
          "index_key": 0,
          "schema_version": 0,
          "attributes": {
            "action": "lambda:InvokeFunction",
            "event_source_token": null,
            "function_name": "arn:aws:lambda:us-east-1:479480645395:function:raw_to_staged",
            "id": "AllowExecutionFromS3Bucket",
            "principal": "s3.amazonaws.com",
            "qualifier": "",
            "source_account": null,
            "source_arn": "arn:aws:s3:::raw-soybean-bucket",
            "statement_id": "AllowExecutionFromS3Bucket",
            "statement_id_prefix": null
          },
          "sensitive_attributes": [],
          "private": "bnVsbA==",
          "dependencies": [
            "aws_lambda_function.lambda",
            "aws_lambda_layer_version.this",
            "aws_s3_bucket.bucket",
            "data.archive_file.code",
            "data.archive_file.layer"
          ]
        },
        {
          "index_key": 1,
          "schema_version": 0,
          "attributes": {
            "action": "lambda:InvokeFunction",
            "event_source_token": null,
            "function_name": "arn:aws:lambda:us-east-1:479480645395:function:staged_to_consumed",
            "id": "AllowExecutionFromS3Bucket",
            "principal": "s3.amazonaws.com",
            "qualifier": "",
            "source_account": null,
            "source_arn": "arn:aws:s3:::staged-soybean-bucket",
            "statement_id": "AllowExecutionFromS3Bucket",
            "statement_id_prefix": null
          },
          "sensitive_attributes": [],
          "private": "bnVsbA==",
          "dependencies": [
            "aws_lambda_function.lambda",
            "aws_lambda_layer_version.this",
            "aws_s3_bucket.bucket",
            "data.archive_file.code",
            "data.archive_file.layer"
          ]
        }
      ]
    },
    {
      "mode": "managed",
      "type": "aws_route_table",
      "name": "second_rt",
      "provider": "provider[\"registry.terraform.io/hashicorp/aws\"]",
      "instances": [
        {
          "schema_version": 0,
          "attributes": {
            "arn": "arn:aws:ec2:us-east-1:479480645395:route-table/rtb-0bc26b998c7a70555",
            "id": "rtb-0bc26b998c7a70555",
            "owner_id": "479480645395",
            "propagating_vgws": [],
            "route": [
              {
                "carrier_gateway_id": "",
                "cidr_block": "0.0.0.0/0",
                "destination_prefix_list_id": "",
                "egress_only_gateway_id": "",
                "gateway_id": "igw-0750e0837b625fd52",
                "instance_id": "",
                "ipv6_cidr_block": "",
                "local_gateway_id": "",
                "nat_gateway_id": "",
                "network_interface_id": "",
                "transit_gateway_id": "",
                "vpc_endpoint_id": "",
                "vpc_peering_connection_id": ""
              }
            ],
            "tags": {
              "Name": "2nd Route Table"
            },
            "tags_all": {
              "Name": "2nd Route Table"
            },
            "timeouts": null,
            "vpc_id": "vpc-059cd202fff3f79a3"
          },
          "sensitive_attributes": [],
          "private": "eyJlMmJmYjczMC1lY2FhLTExZTYtOGY4OC0zNDM2M2JjN2M0YzAiOnsiY3JlYXRlIjozMDAwMDAwMDAwMDAsImRlbGV0ZSI6MzAwMDAwMDAwMDAwLCJ1cGRhdGUiOjEyMDAwMDAwMDAwMH19",
          "dependencies": [
            "aws_internet_gateway.gw",
            "aws_vpc.main"
          ]
        }
      ]
    },
    {
      "mode": "managed",
      "type": "aws_route_table_association",
      "name": "public_subnet_asso",
      "provider": "provider[\"registry.terraform.io/hashicorp/aws\"]",
      "instances": [
        {
          "index_key": 0,
          "schema_version": 0,
          "attributes": {
            "gateway_id": "",
            "id": "rtbassoc-02d10f38ef336a177",
            "route_table_id": "rtb-0bc26b998c7a70555",
            "subnet_id": "subnet-08b9cf21f8766e4f5"
          },
          "sensitive_attributes": [],
          "private": "bnVsbA==",
          "dependencies": [
            "aws_internet_gateway.gw",
            "aws_route_table.second_rt",
            "aws_subnet.public_subnets",
            "aws_vpc.main"
          ]
        },
        {
          "index_key": 1,
          "schema_version": 0,
          "attributes": {
            "gateway_id": "",
            "id": "rtbassoc-0698091fb7423b507",
            "route_table_id": "rtb-0bc26b998c7a70555",
            "subnet_id": "subnet-0b418a16e56db1e9e"
          },
          "sensitive_attributes": [],
          "private": "bnVsbA==",
          "dependencies": [
            "aws_internet_gateway.gw",
            "aws_route_table.second_rt",
            "aws_subnet.public_subnets",
            "aws_vpc.main"
          ]
        }
      ]
    },
    {
      "mode": "managed",
      "type": "aws_s3_bucket",
      "name": "bucket",
      "provider": "provider[\"registry.terraform.io/hashicorp/aws\"]",
      "instances": [
        {
          "index_key": 0,
          "schema_version": 0,
          "attributes": {
            "acceleration_status": "",
            "acl": "private",
            "arn": "arn:aws:s3:::raw-soybean-bucket",
            "bucket": "raw-soybean-bucket",
            "bucket_domain_name": "raw-soybean-bucket.s3.amazonaws.com",
            "bucket_prefix": null,
            "bucket_regional_domain_name": "raw-soybean-bucket.s3.amazonaws.com",
            "cors_rule": [],
            "force_destroy": false,
            "grant": [],
            "hosted_zone_id": "Z3AQBSTGFYJSTF",
            "id": "raw-soybean-bucket",
            "lifecycle_rule": [],
            "logging": [],
            "object_lock_configuration": [],
            "object_lock_enabled": false,
            "policy": null,
            "region": "us-east-1",
            "replication_configuration": [],
            "request_payer": "BucketOwner",
            "server_side_encryption_configuration": [
              {
                "rule": [
                  {
                    "apply_server_side_encryption_by_default": [
                      {
                        "kms_master_key_id": "",
                        "sse_algorithm": "AES256"
                      }
                    ],
                    "bucket_key_enabled": false
                  }
                ]
              }
            ],
            "tags": {
              "Environment": "dev"
            },
            "tags_all": {
              "Environment": "dev"
            },
            "versioning": [
              {
                "enabled": false,
                "mfa_delete": false
              }
            ],
            "website": [],
            "website_domain": null,
            "website_endpoint": null
          },
          "sensitive_attributes": [],
          "private": "bnVsbA=="
        },
        {
          "index_key": 1,
          "schema_version": 0,
          "attributes": {
            "acceleration_status": "",
            "acl": "private",
            "arn": "arn:aws:s3:::staged-soybean-bucket",
            "bucket": "staged-soybean-bucket",
            "bucket_domain_name": "staged-soybean-bucket.s3.amazonaws.com",
            "bucket_prefix": null,
            "bucket_regional_domain_name": "staged-soybean-bucket.s3.amazonaws.com",
            "cors_rule": [],
            "force_destroy": false,
            "grant": [],
            "hosted_zone_id": "Z3AQBSTGFYJSTF",
            "id": "staged-soybean-bucket",
            "lifecycle_rule": [],
            "logging": [],
            "object_lock_configuration": [],
            "object_lock_enabled": false,
            "policy": null,
            "region": "us-east-1",
            "replication_configuration": [],
            "request_payer": "BucketOwner",
            "server_side_encryption_configuration": [
              {
                "rule": [
                  {
                    "apply_server_side_encryption_by_default": [
                      {
                        "kms_master_key_id": "",
                        "sse_algorithm": "AES256"
                      }
                    ],
                    "bucket_key_enabled": false
                  }
                ]
              }
            ],
            "tags": {
              "Environment": "dev"
            },
            "tags_all": {
              "Environment": "dev"
            },
            "versioning": [
              {
                "enabled": false,
                "mfa_delete": false
              }
            ],
            "website": [],
            "website_domain": null,
            "website_endpoint": null
          },
          "sensitive_attributes": [],
          "private": "bnVsbA=="
        },
        {
          "index_key": 2,
          "schema_version": 0,
          "attributes": {
            "acceleration_status": "",
            "acl": "private",
            "arn": "arn:aws:s3:::consumed-soybean-bucket",
            "bucket": "consumed-soybean-bucket",
            "bucket_domain_name": "consumed-soybean-bucket.s3.amazonaws.com",
            "bucket_prefix": null,
            "bucket_regional_domain_name": "consumed-soybean-bucket.s3.amazonaws.com",
            "cors_rule": [],
            "force_destroy": false,
            "grant": [],
            "hosted_zone_id": "Z3AQBSTGFYJSTF",
            "id": "consumed-soybean-bucket",
            "lifecycle_rule": [],
            "logging": [],
            "object_lock_configuration": [],
            "object_lock_enabled": false,
            "policy": null,
            "region": "us-east-1",
            "replication_configuration": [],
            "request_payer": "BucketOwner",
            "server_side_encryption_configuration": [
              {
                "rule": [
                  {
                    "apply_server_side_encryption_by_default": [
                      {
                        "kms_master_key_id": "",
                        "sse_algorithm": "AES256"
                      }
                    ],
                    "bucket_key_enabled": false
                  }
                ]
              }
            ],
            "tags": {
              "Environment": "dev"
            },
            "tags_all": {
              "Environment": "dev"
            },
            "versioning": [
              {
                "enabled": false,
                "mfa_delete": false
              }
            ],
            "website": [],
            "website_domain": null,
            "website_endpoint": null
          },
          "sensitive_attributes": [],
          "private": "bnVsbA=="
        }
      ]
    },
    {
      "mode": "managed",
      "type": "aws_s3_bucket_notification",
      "name": "aws-lambda-trigger",
      "provider": "provider[\"registry.terraform.io/hashicorp/aws\"]",
      "instances": [
        {
          "index_key": 0,
          "schema_version": 0,
          "attributes": {
            "bucket": "raw-soybean-bucket",
            "eventbridge": false,
            "id": "raw-soybean-bucket",
            "lambda_function": [
              {
                "events": [
                  "s3:ObjectCreated:*"
                ],
                "filter_prefix": "",
                "filter_suffix": "",
                "id": "tf-s3-lambda-20231122001046462800000002",
                "lambda_function_arn": "arn:aws:lambda:us-east-1:479480645395:function:raw_to_staged"
              }
            ],
            "queue": [],
            "topic": []
          },
          "sensitive_attributes": [],
          "private": "bnVsbA==",
          "dependencies": [
            "aws_lambda_function.lambda",
            "aws_lambda_layer_version.this",
            "aws_s3_bucket.bucket",
            "data.archive_file.code"
          ]
        },
        {
          "index_key": 1,
          "schema_version": 0,
          "attributes": {
            "bucket": "staged-soybean-bucket",
            "eventbridge": false,
            "id": "staged-soybean-bucket",
            "lambda_function": [
              {
                "events": [
                  "s3:ObjectCreated:*"
                ],
                "filter_prefix": "",
                "filter_suffix": "",
                "id": "tf-s3-lambda-20231122001406388500000001",
                "lambda_function_arn": "arn:aws:lambda:us-east-1:479480645395:function:staged_to_consumed"
              }
            ],
            "queue": [],
            "topic": []
          },
          "sensitive_attributes": [],
          "private": "bnVsbA==",
          "dependencies": [
            "aws_lambda_function.lambda",
            "aws_lambda_layer_version.this",
            "aws_s3_bucket.bucket",
            "data.archive_file.code",
            "data.archive_file.layer"
          ]
        }
      ]
    },
    {
      "mode": "managed",
      "type": "aws_subnet",
      "name": "private_subnets",
      "provider": "provider[\"registry.terraform.io/hashicorp/aws\"]",
      "instances": [
        {
          "index_key": 0,
          "schema_version": 1,
          "attributes": {
            "arn": "arn:aws:ec2:us-east-1:479480645395:subnet/subnet-077a75b8ff638068e",
            "assign_ipv6_address_on_creation": false,
            "availability_zone": "us-east-1a",
            "availability_zone_id": "use1-az4",
            "cidr_block": "10.0.3.0/24",
            "customer_owned_ipv4_pool": "",
            "enable_dns64": false,
            "enable_resource_name_dns_a_record_on_launch": false,
            "enable_resource_name_dns_aaaa_record_on_launch": false,
            "id": "subnet-077a75b8ff638068e",
            "ipv6_cidr_block": "",
            "ipv6_cidr_block_association_id": "",
            "ipv6_native": false,
            "map_customer_owned_ip_on_launch": false,
            "map_public_ip_on_launch": false,
            "outpost_arn": "",
            "owner_id": "479480645395",
            "private_dns_hostname_type_on_launch": "ip-name",
            "tags": {
              "Name": "Private Subnet 1"
            },
            "tags_all": {
              "Name": "Private Subnet 1"
            },
            "timeouts": null,
            "vpc_id": "vpc-059cd202fff3f79a3"
          },
          "sensitive_attributes": [],
          "private": "eyJlMmJmYjczMC1lY2FhLTExZTYtOGY4OC0zNDM2M2JjN2M0YzAiOnsiY3JlYXRlIjo2MDAwMDAwMDAwMDAsImRlbGV0ZSI6MTIwMDAwMDAwMDAwMH0sInNjaGVtYV92ZXJzaW9uIjoiMSJ9",
          "dependencies": [
            "aws_vpc.main"
          ]
        },
        {
          "index_key": 1,
          "schema_version": 1,
          "attributes": {
            "arn": "arn:aws:ec2:us-east-1:479480645395:subnet/subnet-01a93d13a776d46d9",
            "assign_ipv6_address_on_creation": false,
            "availability_zone": "us-east-1b",
            "availability_zone_id": "use1-az6",
            "cidr_block": "10.0.4.0/24",
            "customer_owned_ipv4_pool": "",
            "enable_dns64": false,
            "enable_resource_name_dns_a_record_on_launch": false,
            "enable_resource_name_dns_aaaa_record_on_launch": false,
            "id": "subnet-01a93d13a776d46d9",
            "ipv6_cidr_block": "",
            "ipv6_cidr_block_association_id": "",
            "ipv6_native": false,
            "map_customer_owned_ip_on_launch": false,
            "map_public_ip_on_launch": false,
            "outpost_arn": "",
            "owner_id": "479480645395",
            "private_dns_hostname_type_on_launch": "ip-name",
            "tags": {
              "Name": "Private Subnet 2"
            },
            "tags_all": {
              "Name": "Private Subnet 2"
            },
            "timeouts": null,
            "vpc_id": "vpc-059cd202fff3f79a3"
          },
          "sensitive_attributes": [],
          "private": "eyJlMmJmYjczMC1lY2FhLTExZTYtOGY4OC0zNDM2M2JjN2M0YzAiOnsiY3JlYXRlIjo2MDAwMDAwMDAwMDAsImRlbGV0ZSI6MTIwMDAwMDAwMDAwMH0sInNjaGVtYV92ZXJzaW9uIjoiMSJ9",
          "dependencies": [
            "aws_vpc.main"
          ]
        }
      ]
    },
    {
      "mode": "managed",
      "type": "aws_subnet",
      "name": "public_subnets",
      "provider": "provider[\"registry.terraform.io/hashicorp/aws\"]",
      "instances": [
        {
          "index_key": 0,
          "schema_version": 1,
          "attributes": {
            "arn": "arn:aws:ec2:us-east-1:479480645395:subnet/subnet-08b9cf21f8766e4f5",
            "assign_ipv6_address_on_creation": false,
            "availability_zone": "us-east-1a",
            "availability_zone_id": "use1-az4",
            "cidr_block": "10.0.1.0/24",
            "customer_owned_ipv4_pool": "",
            "enable_dns64": false,
            "enable_resource_name_dns_a_record_on_launch": true,
            "enable_resource_name_dns_aaaa_record_on_launch": false,
            "id": "subnet-08b9cf21f8766e4f5",
            "ipv6_cidr_block": "",
            "ipv6_cidr_block_association_id": "",
            "ipv6_native": false,
            "map_customer_owned_ip_on_launch": false,
            "map_public_ip_on_launch": true,
            "outpost_arn": "",
            "owner_id": "479480645395",
            "private_dns_hostname_type_on_launch": "ip-name",
            "tags": {
              "Name": "Public Subnet 1"
            },
            "tags_all": {
              "Name": "Public Subnet 1"
            },
            "timeouts": null,
            "vpc_id": "vpc-059cd202fff3f79a3"
          },
          "sensitive_attributes": [],
          "private": "eyJlMmJmYjczMC1lY2FhLTExZTYtOGY4OC0zNDM2M2JjN2M0YzAiOnsiY3JlYXRlIjo2MDAwMDAwMDAwMDAsImRlbGV0ZSI6MTIwMDAwMDAwMDAwMH0sInNjaGVtYV92ZXJzaW9uIjoiMSJ9",
          "dependencies": [
            "aws_vpc.main"
          ]
        },
        {
          "index_key": 1,
          "schema_version": 1,
          "attributes": {
            "arn": "arn:aws:ec2:us-east-1:479480645395:subnet/subnet-0b418a16e56db1e9e",
            "assign_ipv6_address_on_creation": false,
            "availability_zone": "us-east-1b",
            "availability_zone_id": "use1-az6",
            "cidr_block": "10.0.2.0/24",
            "customer_owned_ipv4_pool": "",
            "enable_dns64": false,
            "enable_resource_name_dns_a_record_on_launch": true,
            "enable_resource_name_dns_aaaa_record_on_launch": false,
            "id": "subnet-0b418a16e56db1e9e",
            "ipv6_cidr_block": "",
            "ipv6_cidr_block_association_id": "",
            "ipv6_native": false,
            "map_customer_owned_ip_on_launch": false,
            "map_public_ip_on_launch": true,
            "outpost_arn": "",
            "owner_id": "479480645395",
            "private_dns_hostname_type_on_launch": "ip-name",
            "tags": {
              "Name": "Public Subnet 2"
            },
            "tags_all": {
              "Name": "Public Subnet 2"
            },
            "timeouts": null,
            "vpc_id": "vpc-059cd202fff3f79a3"
          },
          "sensitive_attributes": [],
          "private": "eyJlMmJmYjczMC1lY2FhLTExZTYtOGY4OC0zNDM2M2JjN2M0YzAiOnsiY3JlYXRlIjo2MDAwMDAwMDAwMDAsImRlbGV0ZSI6MTIwMDAwMDAwMDAwMH0sInNjaGVtYV92ZXJzaW9uIjoiMSJ9",
          "dependencies": [
            "aws_vpc.main"
          ]
        }
      ]
    },
    {
      "mode": "managed",
      "type": "aws_vpc",
      "name": "main",
      "provider": "provider[\"registry.terraform.io/hashicorp/aws\"]",
      "instances": [
        {
          "schema_version": 1,
          "attributes": {
            "arn": "arn:aws:ec2:us-east-1:479480645395:vpc/vpc-059cd202fff3f79a3",
            "assign_generated_ipv6_cidr_block": false,
            "cidr_block": "10.0.0.0/16",
            "default_network_acl_id": "acl-06601aa72fbb383da",
            "default_route_table_id": "rtb-0b63133b863247f44",
            "default_security_group_id": "sg-0be5b2df047a8ef30",
            "dhcp_options_id": "dopt-0a4d6d2ccca07a7af",
            "enable_classiclink": false,
            "enable_classiclink_dns_support": false,
            "enable_dns_hostnames": true,
            "enable_dns_support": true,
            "id": "vpc-059cd202fff3f79a3",
            "instance_tenancy": "default",
            "ipv4_ipam_pool_id": null,
            "ipv4_netmask_length": null,
            "ipv6_association_id": "",
            "ipv6_cidr_block": "",
            "ipv6_cidr_block_network_border_group": "",
            "ipv6_ipam_pool_id": "",
            "ipv6_netmask_length": 0,
            "main_route_table_id": "rtb-0b63133b863247f44",
            "owner_id": "479480645395",
            "tags": {
              "Name": "soybean-vpc"
            },
            "tags_all": {
              "Name": "soybean-vpc"
            }
          },
          "sensitive_attributes": [],
          "private": "eyJzY2hlbWFfdmVyc2lvbiI6IjEifQ=="
        }
      ]
    },
    {
      "mode": "managed",
      "type": "tls_private_key",
      "name": "key",
      "provider": "provider[\"registry.terraform.io/hashicorp/tls\"]",
      "instances": [
        {
          "schema_version": 1,
          "attributes": {
            "algorithm": "RSA",
            "ecdsa_curve": "P224",
            "id": "23003a0f0c6da04ad45a1a7bbd3b83dac85406cf",
            "private_key_openssh": "-----BEGIN OPENSSH PRIVATE KEY-----\nb3BlbnNzaC1rZXktdjEAAAAABG5vbmUAAAAEbm9uZQAAAAAAAAABAAABFwAAAAdz\nc2gtcnNhAAAAAwEAAQAAAQEAw0vU595EhKpyCCWny7y2IGPYz9GxWJguBBUcSuC0\nrv1DsRAlaXodoNg1mroF/62OBG+5tCU1a0HtULT2eJWIqS0L+eBb2ow0MTDaYJKB\nWyFXY2VRjIq7LvtgGhF9oRcgWWNs9twnvkjndOmnxc7lHA/YNSy2wL+lVqMH7XFw\n5t/0ef8kzhl729+SOgWITFEe/IWU7uhaTCWMUIMATXzEQq6mtPVnmryjrWCmS+iB\nKBXmOSbtVqIKE1IuJArrC72f254S7CHy9ceNh3P3Uc4cqOkz80rHxbYVMuBXA2xd\nhYSPsxvWu3uPhboe61TEge484y0+gpRGArWHYnQPqYOXGwAAA7g1ZeJsNWXibAAA\nAAdzc2gtcnNhAAABAQDDS9Tn3kSEqnIIJafLvLYgY9jP0bFYmC4EFRxK4LSu/UOx\nECVpeh2g2DWaugX/rY4Eb7m0JTVrQe1QtPZ4lYipLQv54FvajDQxMNpgkoFbIVdj\nZVGMirsu+2AaEX2hFyBZY2z23Ce+SOd06afFzuUcD9g1LLbAv6VWowftcXDm3/R5\n/yTOGXvb35I6BYhMUR78hZTu6FpMJYxQgwBNfMRCrqa09WeavKOtYKZL6IEoFeY5\nJu1WogoTUi4kCusLvZ/bnhLsIfL1x42Hc/dRzhyo6TPzSsfFthUy4FcDbF2FhI+z\nG9a7e4+Fuh7rVMSB7jzjLT6ClEYCtYdidA+pg5cbAAAAAwEAAQAAAQBZwXhQOG71\nKgDOjb/YexqZOEpk+NKxDP/ZEHq4Tx27btq1fd4z49PKIJRCUEyBfZpPn6mRiahL\nazlOZl0AfnkYh4OBjAOrJdS25uT2jV62K1SmceJQ3VG5/f3k/TTn3GEZtABYVEZP\nxeHacaiR2MyjYQTVK3+yhmHOt47lKcXh1S46gfA0QL8FOj6yiKHxH/mC4WiifmEy\nG4HsUdV94gAdRpi4vAIJxHwXduiZ8c/EWcu3E3X7qRHCXHz8yBop1INkDwOj+gUf\nODTvjb30qn0ZgH5Skwq6Qs+WEbgKcpzmnMhJnBdh4XWcXgbnL7PcYvWgcFNzX1eh\nX1qxsf0pezjBAAAAgQCHBN6FsArGtDmamCiKXkOqH+mh6IjaKczwDyjSDEzNxMDQ\nxDqBbN8OBSr/KOvPKI/Qt/z/d0qVxqEjwg7iTTIv5T4mEz37Ir+zmFXqFWTFzfH2\nsOI3GpD9sxM+C89+lBrrXxErW4ZzszB4gVRw9DGk/Me7Blj297EvbXsVzBvWvgAA\nAIEA5yzYSxL2Yx2dKCeM08NYpvYTN7hlqQVIc4R4jhEtnqNK4ymKNdyBAb477rkQ\nimXNh8csfiU+M51mwg9M5OJBSpZoKhYNWCP2NeRRCwf4EZaozr7lPEIkDGpoy/T5\nXL/fP8gmCFsJJtlESoGWOyEcnbzuscTajBNiudpopDAabKUAAACBANhEpqhQcgK6\n6rxfg+LkeaLn0wXOfK13CCvWRqyT0pkECGVgrYiXWj+UjIteq9IgGiHJW8J+b59s\ne7Zjb9bSQn5EK5OudZ+0ZhRTFXsxWq+Vo0LXXkrfuWM1YiQTuvJqLbgIBlIIHVoS\nwuhtXB9W+Dm9jMdSM8BR/gwCdpbTS+i/AAAAAAEC\n-----END OPENSSH PRIVATE KEY-----\n",
            "private_key_pem": "-----BEGIN RSA PRIVATE KEY-----\nMIIEpQIBAAKCAQEAw0vU595EhKpyCCWny7y2IGPYz9GxWJguBBUcSuC0rv1DsRAl\naXodoNg1mroF/62OBG+5tCU1a0HtULT2eJWIqS0L+eBb2ow0MTDaYJKBWyFXY2VR\njIq7LvtgGhF9oRcgWWNs9twnvkjndOmnxc7lHA/YNSy2wL+lVqMH7XFw5t/0ef8k\nzhl729+SOgWITFEe/IWU7uhaTCWMUIMATXzEQq6mtPVnmryjrWCmS+iBKBXmOSbt\nVqIKE1IuJArrC72f254S7CHy9ceNh3P3Uc4cqOkz80rHxbYVMuBXA2xdhYSPsxvW\nu3uPhboe61TEge484y0+gpRGArWHYnQPqYOXGwIDAQABAoIBAFnBeFA4bvUqAM6N\nv9h7Gpk4SmT40rEM/9kQerhPHbtu2rV93jPj08oglEJQTIF9mk+fqZGJqEtrOU5m\nXQB+eRiHg4GMA6sl1Lbm5PaNXrYrVKZx4lDdUbn9/eT9NOfcYRm0AFhURk/F4dpx\nqJHYzKNhBNUrf7KGYc63juUpxeHVLjqB8DRAvwU6PrKIofEf+YLhaKJ+YTIbgexR\n1X3iAB1GmLi8AgnEfBd26Jnxz8RZy7cTdfupEcJcfPzIGinUg2QPA6P6BR84NO+N\nvfSqfRmAflKTCrpCz5YRuApynOacyEmcF2HhdZxeBucvs9xi9aBwU3NfV6FfWrGx\n/Sl7OMECgYEA5yzYSxL2Yx2dKCeM08NYpvYTN7hlqQVIc4R4jhEtnqNK4ymKNdyB\nAb477rkQimXNh8csfiU+M51mwg9M5OJBSpZoKhYNWCP2NeRRCwf4EZaozr7lPEIk\nDGpoy/T5XL/fP8gmCFsJJtlESoGWOyEcnbzuscTajBNiudpopDAabKUCgYEA2ESm\nqFByArrqvF+D4uR5oufTBc58rXcIK9ZGrJPSmQQIZWCtiJdaP5SMi16r0iAaIclb\nwn5vn2x7tmNv1tJCfkQrk651n7RmFFMVezFar5WjQtdeSt+5YzViJBO68motuAgG\nUggdWhLC6G1cH1b4Ob2Mx1IzwFH+DAJ2ltNL6L8CgYEAqSRvsSZTrhuJ1EpzyLFC\nWQ7s6rT5dNyPsS24w0GgXlTdwy2umVAX9/2Hflhb2Nc5tWGulTGMvFkrSUvGmCVP\nXlKELl7qLpZJXA8MmQSgpcXVB0g3E4rVM1xcBvbbyNf+cX1xDmYFYS5QwC7mi6bj\neCo3f0woF5tLfe5m59LmUp0CgYEAmF/uSEK9wXyu7OAjTVaK+SN7Q+kTYSivwiss\nCmXwiM0VmU//lHCHLqrcR0oBp3/kyY9Urnlk7h+CHqR65RGptcsUJO5Tg52YGpPb\nW7wPWA0HRY32qqxssyCmsCKSoj/7TGGjCmMbQx5a42ZB9PbS1+Pcb4dUXRmn9BA8\nO9JN9oMCgYEAhwTehbAKxrQ5mpgoil5Dqh/poeiI2inM8A8o0gxMzcTA0MQ6gWzf\nDgUq/yjrzyiP0Lf8/3dKlcahI8IO4k0yL+U+JhM9+yK/s5hV6hVkxc3x9rDiNxqQ\n/bMTPgvPfpQa618RK1uGc7MweIFUcPQxpPzHuwZY9vexL217Fcwb1r4=\n-----END RSA PRIVATE KEY-----\n",
            "private_key_pem_pkcs8": "-----BEGIN PRIVATE KEY-----\nMIIEvwIBADANBgkqhkiG9w0BAQEFAASCBKkwggSlAgEAAoIBAQDDS9Tn3kSEqnII\nJafLvLYgY9jP0bFYmC4EFRxK4LSu/UOxECVpeh2g2DWaugX/rY4Eb7m0JTVrQe1Q\ntPZ4lYipLQv54FvajDQxMNpgkoFbIVdjZVGMirsu+2AaEX2hFyBZY2z23Ce+SOd0\n6afFzuUcD9g1LLbAv6VWowftcXDm3/R5/yTOGXvb35I6BYhMUR78hZTu6FpMJYxQ\ngwBNfMRCrqa09WeavKOtYKZL6IEoFeY5Ju1WogoTUi4kCusLvZ/bnhLsIfL1x42H\nc/dRzhyo6TPzSsfFthUy4FcDbF2FhI+zG9a7e4+Fuh7rVMSB7jzjLT6ClEYCtYdi\ndA+pg5cbAgMBAAECggEAWcF4UDhu9SoAzo2/2HsamThKZPjSsQz/2RB6uE8du27a\ntX3eM+PTyiCUQlBMgX2aT5+pkYmoS2s5TmZdAH55GIeDgYwDqyXUtubk9o1etitU\npnHiUN1Ruf395P0059xhGbQAWFRGT8Xh2nGokdjMo2EE1St/soZhzreO5SnF4dUu\nOoHwNEC/BTo+soih8R/5guFoon5hMhuB7FHVfeIAHUaYuLwCCcR8F3bomfHPxFnL\ntxN1+6kRwlx8/MgaKdSDZA8Do/oFHzg074299Kp9GYB+UpMKukLPlhG4CnKc5pzI\nSZwXYeF1nF4G5y+z3GL1oHBTc19XoV9asbH9KXs4wQKBgQDnLNhLEvZjHZ0oJ4zT\nw1im9hM3uGWpBUhzhHiOES2eo0rjKYo13IEBvjvuuRCKZc2Hxyx+JT4znWbCD0zk\n4kFKlmgqFg1YI/Y15FELB/gRlqjOvuU8QiQMamjL9Plcv98/yCYIWwkm2URKgZY7\nIRydvO6xxNqME2K52mikMBpspQKBgQDYRKaoUHICuuq8X4Pi5Hmi59MFznytdwgr\n1kask9KZBAhlYK2Il1o/lIyLXqvSIBohyVvCfm+fbHu2Y2/W0kJ+RCuTrnWftGYU\nUxV7MVqvlaNC115K37ljNWIkE7ryai24CAZSCB1aEsLobVwfVvg5vYzHUjPAUf4M\nAnaW00vovwKBgQCpJG+xJlOuG4nUSnPIsUJZDuzqtPl03I+xLbjDQaBeVN3DLa6Z\nUBf3/Yd+WFvY1zm1Ya6VMYy8WStJS8aYJU9eUoQuXuoulklcDwyZBKClxdUHSDcT\nitUzXFwG9tvI1/5xfXEOZgVhLlDALuaLpuN4Kjd/TCgXm0t97mbn0uZSnQKBgQCY\nX+5IQr3BfK7s4CNNVor5I3tD6RNhKK/CKywKZfCIzRWZT/+UcIcuqtxHSgGnf+TJ\nj1SueWTuH4IepHrlEam1yxQk7lODnZgak9tbvA9YDQdFjfaqrGyzIKawIpKiP/tM\nYaMKYxtDHlrjZkH09tLX49xvh1RdGaf0EDw70k32gwKBgQCHBN6FsArGtDmamCiK\nXkOqH+mh6IjaKczwDyjSDEzNxMDQxDqBbN8OBSr/KOvPKI/Qt/z/d0qVxqEjwg7i\nTTIv5T4mEz37Ir+zmFXqFWTFzfH2sOI3GpD9sxM+C89+lBrrXxErW4ZzszB4gVRw\n9DGk/Me7Blj297EvbXsVzBvWvg==\n-----END PRIVATE KEY-----\n",
            "public_key_fingerprint_md5": "87:79:38:50:47:4a:32:e9:82:21:90:d6:78:c6:36:76",
            "public_key_fingerprint_sha256": "SHA256:Fp6mc6CGKBLvNoouO2qYbR7/F5u1zx6GOe/2iZQbw8s",
            "public_key_openssh": "ssh-rsa AAAAB3NzaC1yc2EAAAADAQABAAABAQDDS9Tn3kSEqnIIJafLvLYgY9jP0bFYmC4EFRxK4LSu/UOxECVpeh2g2DWaugX/rY4Eb7m0JTVrQe1QtPZ4lYipLQv54FvajDQxMNpgkoFbIVdjZVGMirsu+2AaEX2hFyBZY2z23Ce+SOd06afFzuUcD9g1LLbAv6VWowftcXDm3/R5/yTOGXvb35I6BYhMUR78hZTu6FpMJYxQgwBNfMRCrqa09WeavKOtYKZL6IEoFeY5Ju1WogoTUi4kCusLvZ/bnhLsIfL1x42Hc/dRzhyo6TPzSsfFthUy4FcDbF2FhI+zG9a7e4+Fuh7rVMSB7jzjLT6ClEYCtYdidA+pg5cb\n",
            "public_key_pem": "-----BEGIN PUBLIC KEY-----\nMIIBIjANBgkqhkiG9w0BAQEFAAOCAQ8AMIIBCgKCAQEAw0vU595EhKpyCCWny7y2\nIGPYz9GxWJguBBUcSuC0rv1DsRAlaXodoNg1mroF/62OBG+5tCU1a0HtULT2eJWI\nqS0L+eBb2ow0MTDaYJKBWyFXY2VRjIq7LvtgGhF9oRcgWWNs9twnvkjndOmnxc7l\nHA/YNSy2wL+lVqMH7XFw5t/0ef8kzhl729+SOgWITFEe/IWU7uhaTCWMUIMATXzE\nQq6mtPVnmryjrWCmS+iBKBXmOSbtVqIKE1IuJArrC72f254S7CHy9ceNh3P3Uc4c\nqOkz80rHxbYVMuBXA2xdhYSPsxvWu3uPhboe61TEge484y0+gpRGArWHYnQPqYOX\nGwIDAQAB\n-----END PUBLIC KEY-----\n",
            "rsa_bits": 2048
          },
          "sensitive_attributes": []
        }
      ]
    },
    {
      "mode": "managed",
      "type": "tls_self_signed_cert",
      "name": "cert",
      "provider": "provider[\"registry.terraform.io/hashicorp/tls\"]",
      "instances": [
        {
          "schema_version": 0,
          "attributes": {
            "allowed_uses": [],
            "cert_pem": "-----BEGIN CERTIFICATE-----\nMIICuTCCAaGgAwIBAgIRALahsJ3EQsvR0QFuyyuGhv4wDQYJKoZIhvcNAQELBQAw\nDzENMAsGA1UEChMEdGVzdDAeFw0yMzExMjIwMDAwMjFaFw0yMzEyMDIwMDAwMjFa\nMA8xDTALBgNVBAoTBHRlc3QwggEiMA0GCSqGSIb3DQEBAQUAA4IBDwAwggEKAoIB\nAQDDS9Tn3kSEqnIIJafLvLYgY9jP0bFYmC4EFRxK4LSu/UOxECVpeh2g2DWaugX/\nrY4Eb7m0JTVrQe1QtPZ4lYipLQv54FvajDQxMNpgkoFbIVdjZVGMirsu+2AaEX2h\nFyBZY2z23Ce+SOd06afFzuUcD9g1LLbAv6VWowftcXDm3/R5/yTOGXvb35I6BYhM\nUR78hZTu6FpMJYxQgwBNfMRCrqa09WeavKOtYKZL6IEoFeY5Ju1WogoTUi4kCusL\nvZ/bnhLsIfL1x42Hc/dRzhyo6TPzSsfFthUy4FcDbF2FhI+zG9a7e4+Fuh7rVMSB\n7jzjLT6ClEYCtYdidA+pg5cbAgMBAAGjEDAOMAwGA1UdEwEB/wQCMAAwDQYJKoZI\nhvcNAQELBQADggEBAElMJIbpOSXqtjWHCEsxGhNUPPnpesIEI1ancLF6ygbWrIFr\nMeQ4gkOJCskVLtC3d95d0xmP6FlhHNpbbaxg61Hh5eSh6jpgsvzFERtU+ZWJeFao\n9JjOlzADnrUpQLJxTx44r7PJdZsIfFmaxwzK9qO5RKKRlu69lKrUfCMWwurBbltk\nOHqrr4/rjZqvkH3xQCrfcVsW7d6TJPdVRrMTL2ztCDXuh/ZuZVvwvakJke2AMkp1\nhEzJwiq5TuiHfTp3Ay/PqmVXdMHMrRvAmN78L/fTuszalypQ37wwxrSSgXzO9nPb\nnLn1Tk137ZGdZQz5iV0V5xxrZJ76+e91QgGGm2I=\n-----END CERTIFICATE-----\n",
            "dns_names": null,
            "early_renewal_hours": 0,
            "id": "242759037230730367090086085169307354878",
            "ip_addresses": null,
            "is_ca_certificate": false,
            "key_algorithm": "RSA",
            "private_key_pem": "-----BEGIN RSA PRIVATE KEY-----\nMIIEpQIBAAKCAQEAw0vU595EhKpyCCWny7y2IGPYz9GxWJguBBUcSuC0rv1DsRAl\naXodoNg1mroF/62OBG+5tCU1a0HtULT2eJWIqS0L+eBb2ow0MTDaYJKBWyFXY2VR\njIq7LvtgGhF9oRcgWWNs9twnvkjndOmnxc7lHA/YNSy2wL+lVqMH7XFw5t/0ef8k\nzhl729+SOgWITFEe/IWU7uhaTCWMUIMATXzEQq6mtPVnmryjrWCmS+iBKBXmOSbt\nVqIKE1IuJArrC72f254S7CHy9ceNh3P3Uc4cqOkz80rHxbYVMuBXA2xdhYSPsxvW\nu3uPhboe61TEge484y0+gpRGArWHYnQPqYOXGwIDAQABAoIBAFnBeFA4bvUqAM6N\nv9h7Gpk4SmT40rEM/9kQerhPHbtu2rV93jPj08oglEJQTIF9mk+fqZGJqEtrOU5m\nXQB+eRiHg4GMA6sl1Lbm5PaNXrYrVKZx4lDdUbn9/eT9NOfcYRm0AFhURk/F4dpx\nqJHYzKNhBNUrf7KGYc63juUpxeHVLjqB8DRAvwU6PrKIofEf+YLhaKJ+YTIbgexR\n1X3iAB1GmLi8AgnEfBd26Jnxz8RZy7cTdfupEcJcfPzIGinUg2QPA6P6BR84NO+N\nvfSqfRmAflKTCrpCz5YRuApynOacyEmcF2HhdZxeBucvs9xi9aBwU3NfV6FfWrGx\n/Sl7OMECgYEA5yzYSxL2Yx2dKCeM08NYpvYTN7hlqQVIc4R4jhEtnqNK4ymKNdyB\nAb477rkQimXNh8csfiU+M51mwg9M5OJBSpZoKhYNWCP2NeRRCwf4EZaozr7lPEIk\nDGpoy/T5XL/fP8gmCFsJJtlESoGWOyEcnbzuscTajBNiudpopDAabKUCgYEA2ESm\nqFByArrqvF+D4uR5oufTBc58rXcIK9ZGrJPSmQQIZWCtiJdaP5SMi16r0iAaIclb\nwn5vn2x7tmNv1tJCfkQrk651n7RmFFMVezFar5WjQtdeSt+5YzViJBO68motuAgG\nUggdWhLC6G1cH1b4Ob2Mx1IzwFH+DAJ2ltNL6L8CgYEAqSRvsSZTrhuJ1EpzyLFC\nWQ7s6rT5dNyPsS24w0GgXlTdwy2umVAX9/2Hflhb2Nc5tWGulTGMvFkrSUvGmCVP\nXlKELl7qLpZJXA8MmQSgpcXVB0g3E4rVM1xcBvbbyNf+cX1xDmYFYS5QwC7mi6bj\neCo3f0woF5tLfe5m59LmUp0CgYEAmF/uSEK9wXyu7OAjTVaK+SN7Q+kTYSivwiss\nCmXwiM0VmU//lHCHLqrcR0oBp3/kyY9Urnlk7h+CHqR65RGptcsUJO5Tg52YGpPb\nW7wPWA0HRY32qqxssyCmsCKSoj/7TGGjCmMbQx5a42ZB9PbS1+Pcb4dUXRmn9BA8\nO9JN9oMCgYEAhwTehbAKxrQ5mpgoil5Dqh/poeiI2inM8A8o0gxMzcTA0MQ6gWzf\nDgUq/yjrzyiP0Lf8/3dKlcahI8IO4k0yL+U+JhM9+yK/s5hV6hVkxc3x9rDiNxqQ\n/bMTPgvPfpQa618RK1uGc7MweIFUcPQxpPzHuwZY9vexL217Fcwb1r4=\n-----END RSA PRIVATE KEY-----\n",
            "ready_for_renewal": false,
            "set_authority_key_id": false,
            "set_subject_key_id": false,
            "subject": [
              {
                "common_name": null,
                "country": null,
                "locality": null,
                "organization": "test",
                "organizational_unit": null,
                "postal_code": null,
                "province": null,
                "serial_number": null,
                "street_address": null
              }
            ],
            "uris": null,
            "validity_end_time": "2023-12-01T21:00:21.2654954-03:00",
            "validity_period_hours": 240,
            "validity_start_time": "2023-11-21T21:00:21.2654954-03:00"
          },
          "sensitive_attributes": [
            [
              {
                "type": "get_attr",
                "value": "private_key_pem"
              }
            ]
          ],
          "dependencies": [
            "tls_private_key.key"
          ]
        }
      ]
    }
  ],
  "check_results": null
}
